// !$*UTF8*$!
{
	archiveVersion = 1;
	classes = {
	};
	objectVersion = 50;
	objects = {

/* Begin PBXBuildFile section */
		3ABBEBB92507E48200629A62 /* MTUserDefaults.Settings.swift in Sources */ = {isa = PBXBuildFile; fileRef = 3ABBEBA02507E48200629A62 /* MTUserDefaults.Settings.swift */; };
		3ABBEBBA2507E48200629A62 /* MTUserDefaults.swift in Sources */ = {isa = PBXBuildFile; fileRef = 3ABBEBA12507E48200629A62 /* MTUserDefaults.swift */; };
		3ABBEBBB2507E48200629A62 /* MTUserDefaults.Item.Error.swift in Sources */ = {isa = PBXBuildFile; fileRef = 3ABBEBA32507E48200629A62 /* MTUserDefaults.Item.Error.swift */; };
		3ABBEBBC2507E48200629A62 /* MTUserDefaults.Item.Logger.Record.Info.swift in Sources */ = {isa = PBXBuildFile; fileRef = 3ABBEBA52507E48200629A62 /* MTUserDefaults.Item.Logger.Record.Info.swift */; };
		3ABBEBBD2507E48200629A62 /* MTUserDefaults.Item.Logger.swift in Sources */ = {isa = PBXBuildFile; fileRef = 3ABBEBA62507E48200629A62 /* MTUserDefaults.Item.Logger.swift */; };
		3ABBEBBE2507E48200629A62 /* MTUserDefaults.Item.Logger.Record.Commit.swift in Sources */ = {isa = PBXBuildFile; fileRef = 3ABBEBA72507E48200629A62 /* MTUserDefaults.Item.Logger.Record.Commit.swift */; };
		3ABBEBBF2507E48200629A62 /* MTUserDefaults.Item.Logger.Record.swift in Sources */ = {isa = PBXBuildFile; fileRef = 3ABBEBA82507E48200629A62 /* MTUserDefaults.Item.Logger.Record.swift */; };
		3ABBEBC02507E48200629A62 /* MTUserDefaults.Item.Logger.Record.Operation.swift in Sources */ = {isa = PBXBuildFile; fileRef = 3ABBEBA92507E48200629A62 /* MTUserDefaults.Item.Logger.Record.Operation.swift */; };
		3ABBEBC12507E48200629A62 /* MTUserDefaults.Item.Logger.Record.Resolution.swift in Sources */ = {isa = PBXBuildFile; fileRef = 3ABBEBAA2507E48200629A62 /* MTUserDefaults.Item.Logger.Record.Resolution.swift */; };
		3ABBEBC22507E48200629A62 /* StandardMTUserDefaultsLoggingProvider.swift in Sources */ = {isa = PBXBuildFile; fileRef = 3ABBEBAB2507E48200629A62 /* StandardMTUserDefaultsLoggingProvider.swift */; };
		3ABBEBC32507E48200629A62 /* MTUserDefaults.DefaultableItem.swift in Sources */ = {isa = PBXBuildFile; fileRef = 3ABBEBAC2507E48200629A62 /* MTUserDefaults.DefaultableItem.swift */; };
		3ABBEBC42507E48200629A62 /* MTUserDefaults.ParametricItem.swift in Sources */ = {isa = PBXBuildFile; fileRef = 3ABBEBAD2507E48200629A62 /* MTUserDefaults.ParametricItem.swift */; };
		3ABBEBC52507E48200629A62 /* MTUserDefaults.ParametricDefaultableItem.swift in Sources */ = {isa = PBXBuildFile; fileRef = 3ABBEBAE2507E48200629A62 /* MTUserDefaults.ParametricDefaultableItem.swift */; };
		3ABBEBC62507E48200629A62 /* MTUserDefaults.Item.swift in Sources */ = {isa = PBXBuildFile; fileRef = 3ABBEBAF2507E48200629A62 /* MTUserDefaults.Item.swift */; };
		3ABBEBC72507E48200629A62 /* MTUserDefaults.DynamicDefaultValueProvider.swift in Sources */ = {isa = PBXBuildFile; fileRef = 3ABBEBB12507E48200629A62 /* MTUserDefaults.DynamicDefaultValueProvider.swift */; };
		3ABBEBC82507E48200629A62 /* MTUserDefaults.StandardDefaultValueProvider.swift in Sources */ = {isa = PBXBuildFile; fileRef = 3ABBEBB22507E48200629A62 /* MTUserDefaults.StandardDefaultValueProvider.swift */; };
		3ABBEBC92507E48200629A62 /* MTUserDefaultsItemKeyPostfixProvider.swift in Sources */ = {isa = PBXBuildFile; fileRef = 3ABBEBB42507E48200629A62 /* MTUserDefaultsItemKeyPostfixProvider.swift */; };
		3ABBEBCA2507E48200629A62 /* MTUserDefaultsDefaultValueProvider.swift in Sources */ = {isa = PBXBuildFile; fileRef = 3ABBEBB52507E48200629A62 /* MTUserDefaultsDefaultValueProvider.swift */; };
		3ABBEBCB2507E48200629A62 /* MTUserDefaultsDescribable.swift in Sources */ = {isa = PBXBuildFile; fileRef = 3ABBEBB62507E48200629A62 /* MTUserDefaultsDescribable.swift */; };
		3ABBEBCC2507E48200629A62 /* MTUserDefaultsLoggingProvider.swift in Sources */ = {isa = PBXBuildFile; fileRef = 3ABBEBB72507E48200629A62 /* MTUserDefaultsLoggingProvider.swift */; };
		3ABBEBCD2507E48200629A62 /* MTUserDefaultsItemKeyPrefixProvider.swift in Sources */ = {isa = PBXBuildFile; fileRef = 3ABBEBB82507E48200629A62 /* MTUserDefaultsItemKeyPrefixProvider.swift */; };
		3ADB7D6D24C8BFD80032E560 /* UserDefaults.h in Headers */ = {isa = PBXBuildFile; fileRef = 3ADB7D6B24C8BFD80032E560 /* UserDefaults.h */; settings = {ATTRIBUTES = (Public, ); }; };
/* End PBXBuildFile section */

/* Begin PBXFileReference section */
		3ABBEBA02507E48200629A62 /* MTUserDefaults.Settings.swift */ = {isa = PBXFileReference; fileEncoding = 4; lastKnownFileType = sourcecode.swift; path = MTUserDefaults.Settings.swift; sourceTree = "<group>"; };
		3ABBEBA12507E48200629A62 /* MTUserDefaults.swift */ = {isa = PBXFileReference; fileEncoding = 4; lastKnownFileType = sourcecode.swift; path = MTUserDefaults.swift; sourceTree = "<group>"; };
		3ABBEBA32507E48200629A62 /* MTUserDefaults.Item.Error.swift */ = {isa = PBXFileReference; fileEncoding = 4; lastKnownFileType = sourcecode.swift; path = MTUserDefaults.Item.Error.swift; sourceTree = "<group>"; };
		3ABBEBA52507E48200629A62 /* MTUserDefaults.Item.Logger.Record.Info.swift */ = {isa = PBXFileReference; fileEncoding = 4; lastKnownFileType = sourcecode.swift; path = MTUserDefaults.Item.Logger.Record.Info.swift; sourceTree = "<group>"; };
		3ABBEBA62507E48200629A62 /* MTUserDefaults.Item.Logger.swift */ = {isa = PBXFileReference; fileEncoding = 4; lastKnownFileType = sourcecode.swift; path = MTUserDefaults.Item.Logger.swift; sourceTree = "<group>"; };
		3ABBEBA72507E48200629A62 /* MTUserDefaults.Item.Logger.Record.Commit.swift */ = {isa = PBXFileReference; fileEncoding = 4; lastKnownFileType = sourcecode.swift; path = MTUserDefaults.Item.Logger.Record.Commit.swift; sourceTree = "<group>"; };
		3ABBEBA82507E48200629A62 /* MTUserDefaults.Item.Logger.Record.swift */ = {isa = PBXFileReference; fileEncoding = 4; lastKnownFileType = sourcecode.swift; path = MTUserDefaults.Item.Logger.Record.swift; sourceTree = "<group>"; };
		3ABBEBA92507E48200629A62 /* MTUserDefaults.Item.Logger.Record.Operation.swift */ = {isa = PBXFileReference; fileEncoding = 4; lastKnownFileType = sourcecode.swift; path = MTUserDefaults.Item.Logger.Record.Operation.swift; sourceTree = "<group>"; };
		3ABBEBAA2507E48200629A62 /* MTUserDefaults.Item.Logger.Record.Resolution.swift */ = {isa = PBXFileReference; fileEncoding = 4; lastKnownFileType = sourcecode.swift; path = MTUserDefaults.Item.Logger.Record.Resolution.swift; sourceTree = "<group>"; };
		3ABBEBAB2507E48200629A62 /* StandardMTUserDefaultsLoggingProvider.swift */ = {isa = PBXFileReference; fileEncoding = 4; lastKnownFileType = sourcecode.swift; path = StandardMTUserDefaultsLoggingProvider.swift; sourceTree = "<group>"; };
		3ABBEBAC2507E48200629A62 /* MTUserDefaults.DefaultableItem.swift */ = {isa = PBXFileReference; fileEncoding = 4; lastKnownFileType = sourcecode.swift; path = MTUserDefaults.DefaultableItem.swift; sourceTree = "<group>"; };
		3ABBEBAD2507E48200629A62 /* MTUserDefaults.ParametricItem.swift */ = {isa = PBXFileReference; fileEncoding = 4; lastKnownFileType = sourcecode.swift; path = MTUserDefaults.ParametricItem.swift; sourceTree = "<group>"; };
		3ABBEBAE2507E48200629A62 /* MTUserDefaults.ParametricDefaultableItem.swift */ = {isa = PBXFileReference; fileEncoding = 4; lastKnownFileType = sourcecode.swift; path = MTUserDefaults.ParametricDefaultableItem.swift; sourceTree = "<group>"; };
		3ABBEBAF2507E48200629A62 /* MTUserDefaults.Item.swift */ = {isa = PBXFileReference; fileEncoding = 4; lastKnownFileType = sourcecode.swift; path = MTUserDefaults.Item.swift; sourceTree = "<group>"; };
		3ABBEBB12507E48200629A62 /* MTUserDefaults.DynamicDefaultValueProvider.swift */ = {isa = PBXFileReference; fileEncoding = 4; lastKnownFileType = sourcecode.swift; path = MTUserDefaults.DynamicDefaultValueProvider.swift; sourceTree = "<group>"; };
		3ABBEBB22507E48200629A62 /* MTUserDefaults.StandardDefaultValueProvider.swift */ = {isa = PBXFileReference; fileEncoding = 4; lastKnownFileType = sourcecode.swift; path = MTUserDefaults.StandardDefaultValueProvider.swift; sourceTree = "<group>"; };
		3ABBEBB42507E48200629A62 /* MTUserDefaultsItemKeyPostfixProvider.swift */ = {isa = PBXFileReference; fileEncoding = 4; lastKnownFileType = sourcecode.swift; path = MTUserDefaultsItemKeyPostfixProvider.swift; sourceTree = "<group>"; };
		3ABBEBB52507E48200629A62 /* MTUserDefaultsDefaultValueProvider.swift */ = {isa = PBXFileReference; fileEncoding = 4; lastKnownFileType = sourcecode.swift; path = MTUserDefaultsDefaultValueProvider.swift; sourceTree = "<group>"; };
		3ABBEBB62507E48200629A62 /* MTUserDefaultsDescribable.swift */ = {isa = PBXFileReference; fileEncoding = 4; lastKnownFileType = sourcecode.swift; path = MTUserDefaultsDescribable.swift; sourceTree = "<group>"; };
		3ABBEBB72507E48200629A62 /* MTUserDefaultsLoggingProvider.swift */ = {isa = PBXFileReference; fileEncoding = 4; lastKnownFileType = sourcecode.swift; path = MTUserDefaultsLoggingProvider.swift; sourceTree = "<group>"; };
		3ABBEBB82507E48200629A62 /* MTUserDefaultsItemKeyPrefixProvider.swift */ = {isa = PBXFileReference; fileEncoding = 4; lastKnownFileType = sourcecode.swift; path = MTUserDefaultsItemKeyPrefixProvider.swift; sourceTree = "<group>"; };
		3ADB7D6824C8BFD80032E560 /* UserDefaultsUtil.framework */ = {isa = PBXFileReference; explicitFileType = wrapper.framework; includeInIndex = 0; path = UserDefaultsUtil.framework; sourceTree = BUILT_PRODUCTS_DIR; };
		3ADB7D6B24C8BFD80032E560 /* UserDefaults.h */ = {isa = PBXFileReference; lastKnownFileType = sourcecode.c.h; path = UserDefaults.h; sourceTree = "<group>"; };
		3ADB7D6C24C8BFD80032E560 /* Info.plist */ = {isa = PBXFileReference; lastKnownFileType = text.plist.xml; path = Info.plist; sourceTree = "<group>"; };
/* End PBXFileReference section */

/* Begin PBXFrameworksBuildPhase section */
		3ADB7D6524C8BFD80032E560 /* Frameworks */ = {
			isa = PBXFrameworksBuildPhase;
			buildActionMask = 2147483647;
			files = (
			);
			runOnlyForDeploymentPostprocessing = 0;
		};
/* End PBXFrameworksBuildPhase section */

/* Begin PBXGroup section */
		3ABBEB9F2507E48200629A62 /* UserDefaults */ = {
			isa = PBXGroup;
			children = (
				3ABBEBA02507E48200629A62 /* MTUserDefaults.Settings.swift */,
				3ABBEBA12507E48200629A62 /* MTUserDefaults.swift */,
				3ABBEBA22507E48200629A62 /* Items */,
			);
			path = UserDefaults;
			sourceTree = "<group>";
		};
		3ABBEBA22507E48200629A62 /* Items */ = {
			isa = PBXGroup;
			children = (
				3ABBEBAC2507E48200629A62 /* MTUserDefaults.DefaultableItem.swift */,
				3ABBEBA32507E48200629A62 /* MTUserDefaults.Item.Error.swift */,
				3ABBEBAF2507E48200629A62 /* MTUserDefaults.Item.swift */,
				3ABBEBAE2507E48200629A62 /* MTUserDefaults.ParametricDefaultableItem.swift */,
				3ABBEBAD2507E48200629A62 /* MTUserDefaults.ParametricItem.swift */,
				3ABBEBB02507E48200629A62 /* DefaultValueProviders */,
				3ABBEBA42507E48200629A62 /* Logger */,
			);
			path = Items;
			sourceTree = "<group>";
		};
		3ABBEBA42507E48200629A62 /* Logger */ = {
			isa = PBXGroup;
			children = (
				3ABBEBA52507E48200629A62 /* MTUserDefaults.Item.Logger.Record.Info.swift */,
				3ABBEBA62507E48200629A62 /* MTUserDefaults.Item.Logger.swift */,
				3ABBEBA72507E48200629A62 /* MTUserDefaults.Item.Logger.Record.Commit.swift */,
				3ABBEBA82507E48200629A62 /* MTUserDefaults.Item.Logger.Record.swift */,
				3ABBEBA92507E48200629A62 /* MTUserDefaults.Item.Logger.Record.Operation.swift */,
				3ABBEBAA2507E48200629A62 /* MTUserDefaults.Item.Logger.Record.Resolution.swift */,
				3ABBEBAB2507E48200629A62 /* StandardMTUserDefaultsLoggingProvider.swift */,
			);
			path = Logger;
			sourceTree = "<group>";
		};
		3ABBEBB02507E48200629A62 /* DefaultValueProviders */ = {
			isa = PBXGroup;
			children = (
				3ABBEBB12507E48200629A62 /* MTUserDefaults.DynamicDefaultValueProvider.swift */,
				3ABBEBB22507E48200629A62 /* MTUserDefaults.StandardDefaultValueProvider.swift */,
			);
			path = DefaultValueProviders;
			sourceTree = "<group>";
		};
		3ABBEBB32507E48200629A62 /* Protocols */ = {
			isa = PBXGroup;
			children = (
				3ABBEBB52507E48200629A62 /* MTUserDefaultsDefaultValueProvider.swift */,
				3ABBEBB62507E48200629A62 /* MTUserDefaultsDescribable.swift */,
				3ABBEBB42507E48200629A62 /* MTUserDefaultsItemKeyPostfixProvider.swift */,
				3ABBEBB82507E48200629A62 /* MTUserDefaultsItemKeyPrefixProvider.swift */,
				3ABBEBB72507E48200629A62 /* MTUserDefaultsLoggingProvider.swift */,
			);
			path = Protocols;
			sourceTree = "<group>";
		};
		3ADB7D5E24C8BFD80032E560 = {
			isa = PBXGroup;
			children = (
				3ADB7D6A24C8BFD80032E560 /* UserDefaultsUtil */,
				3ADB7D6924C8BFD80032E560 /* Products */,
			);
			sourceTree = "<group>";
		};
		3ADB7D6924C8BFD80032E560 /* Products */ = {
			isa = PBXGroup;
			children = (
				3ADB7D6824C8BFD80032E560 /* UserDefaultsUtil.framework */,
			);
			name = Products;
			sourceTree = "<group>";
		};
		3ADB7D6A24C8BFD80032E560 /* UserDefaultsUtil */ = {
			isa = PBXGroup;
			children = (
				3ADB7D7324C8BFDD0032E560 /* Resources */,
				3ADB7D7424C8BFFB0032E560 /* Source */,
				3ADB7D6B24C8BFD80032E560 /* UserDefaults.h */,
			);
			path = UserDefaultsUtil;
			sourceTree = "<group>";
		};
		3ADB7D7324C8BFDD0032E560 /* Resources */ = {
			isa = PBXGroup;
			children = (
				3ADB7D6C24C8BFD80032E560 /* Info.plist */,
			);
			path = Resources;
			sourceTree = "<group>";
		};
		3ADB7D7424C8BFFB0032E560 /* Source */ = {
			isa = PBXGroup;
			children = (
				3ABBEBB32507E48200629A62 /* Protocols */,
				3ABBEB9F2507E48200629A62 /* UserDefaults */,
			);
			path = Source;
			sourceTree = "<group>";
		};
/* End PBXGroup section */

/* Begin PBXHeadersBuildPhase section */
		3ADB7D6324C8BFD80032E560 /* Headers */ = {
			isa = PBXHeadersBuildPhase;
			buildActionMask = 2147483647;
			files = (
				3ADB7D6D24C8BFD80032E560 /* UserDefaults.h in Headers */,
			);
			runOnlyForDeploymentPostprocessing = 0;
		};
/* End PBXHeadersBuildPhase section */

/* Begin PBXNativeTarget section */
		3ADB7D6724C8BFD80032E560 /* UserDefaultsUtil */ = {
			isa = PBXNativeTarget;
			buildConfigurationList = 3ADB7D7024C8BFD80032E560 /* Build configuration list for PBXNativeTarget "UserDefaultsUtil" */;
			buildPhases = (
				3ADB7D6324C8BFD80032E560 /* Headers */,
				3ADB7D6424C8BFD80032E560 /* Sources */,
				3ADB7D6524C8BFD80032E560 /* Frameworks */,
				3ADB7D6624C8BFD80032E560 /* Resources */,
			);
			buildRules = (
			);
			dependencies = (
			);
			name = UserDefaultsUtil;
			productName = UserDefaults;
			productReference = 3ADB7D6824C8BFD80032E560 /* UserDefaultsUtil.framework */;
			productType = "com.apple.product-type.framework";
		};
/* End PBXNativeTarget section */

/* Begin PBXProject section */
		3ADB7D5F24C8BFD80032E560 /* Project object */ = {
			isa = PBXProject;
			attributes = {
				LastUpgradeCheck = 1200;
				TargetAttributes = {
					3ADB7D6724C8BFD80032E560 = {
						CreatedOnToolsVersion = 11.4;
					};
				};
			};
			buildConfigurationList = 3ADB7D6224C8BFD80032E560 /* Build configuration list for PBXProject "UserDefaultsUtil" */;
			compatibilityVersion = "Xcode 9.3";
			developmentRegion = en;
			hasScannedForEncodings = 0;
			knownRegions = (
				en,
				Base,
			);
			mainGroup = 3ADB7D5E24C8BFD80032E560;
			productRefGroup = 3ADB7D6924C8BFD80032E560 /* Products */;
			projectDirPath = "";
			projectRoot = "";
			targets = (
				3ADB7D6724C8BFD80032E560 /* UserDefaultsUtil */,
			);
		};
/* End PBXProject section */

/* Begin PBXResourcesBuildPhase section */
		3ADB7D6624C8BFD80032E560 /* Resources */ = {
			isa = PBXResourcesBuildPhase;
			buildActionMask = 2147483647;
			files = (
			);
			runOnlyForDeploymentPostprocessing = 0;
		};
/* End PBXResourcesBuildPhase section */

/* Begin PBXSourcesBuildPhase section */
		3ADB7D6424C8BFD80032E560 /* Sources */ = {
			isa = PBXSourcesBuildPhase;
			buildActionMask = 2147483647;
			files = (
				3ABBEBC82507E48200629A62 /* MTUserDefaults.StandardDefaultValueProvider.swift in Sources */,
				3ABBEBC12507E48200629A62 /* MTUserDefaults.Item.Logger.Record.Resolution.swift in Sources */,
				3ABBEBBE2507E48200629A62 /* MTUserDefaults.Item.Logger.Record.Commit.swift in Sources */,
				3ABBEBB92507E48200629A62 /* MTUserDefaults.Settings.swift in Sources */,
				3ABBEBCC2507E48200629A62 /* MTUserDefaultsLoggingProvider.swift in Sources */,
				3ABBEBC62507E48200629A62 /* MTUserDefaults.Item.swift in Sources */,
				3ABBEBCB2507E48200629A62 /* MTUserDefaultsDescribable.swift in Sources */,
				3ABBEBC22507E48200629A62 /* StandardMTUserDefaultsLoggingProvider.swift in Sources */,
				3ABBEBBC2507E48200629A62 /* MTUserDefaults.Item.Logger.Record.Info.swift in Sources */,
				3ABBEBC52507E48200629A62 /* MTUserDefaults.ParametricDefaultableItem.swift in Sources */,
				3ABBEBCD2507E48200629A62 /* MTUserDefaultsItemKeyPrefixProvider.swift in Sources */,
				3ABBEBCA2507E48200629A62 /* MTUserDefaultsDefaultValueProvider.swift in Sources */,
				3ABBEBC02507E48200629A62 /* MTUserDefaults.Item.Logger.Record.Operation.swift in Sources */,
				3ABBEBBF2507E48200629A62 /* MTUserDefaults.Item.Logger.Record.swift in Sources */,
				3ABBEBC72507E48200629A62 /* MTUserDefaults.DynamicDefaultValueProvider.swift in Sources */,
				3ABBEBC92507E48200629A62 /* MTUserDefaultsItemKeyPostfixProvider.swift in Sources */,
				3ABBEBBB2507E48200629A62 /* MTUserDefaults.Item.Error.swift in Sources */,
				3ABBEBBA2507E48200629A62 /* MTUserDefaults.swift in Sources */,
				3ABBEBC32507E48200629A62 /* MTUserDefaults.DefaultableItem.swift in Sources */,
				3ABBEBBD2507E48200629A62 /* MTUserDefaults.Item.Logger.swift in Sources */,
				3ABBEBC42507E48200629A62 /* MTUserDefaults.ParametricItem.swift in Sources */,
			);
			runOnlyForDeploymentPostprocessing = 0;
		};
/* End PBXSourcesBuildPhase section */

/* Begin XCBuildConfiguration section */
		3ADB7D6E24C8BFD80032E560 /* Debug */ = {
			isa = XCBuildConfiguration;
			buildSettings = {
				ALWAYS_SEARCH_USER_PATHS = NO;
				CLANG_ANALYZER_NONNULL = YES;
				CLANG_ANALYZER_NUMBER_OBJECT_CONVERSION = YES_AGGRESSIVE;
				CLANG_CXX_LANGUAGE_STANDARD = "gnu++14";
				CLANG_CXX_LIBRARY = "libc++";
				CLANG_ENABLE_MODULES = YES;
				CLANG_ENABLE_OBJC_ARC = YES;
				CLANG_ENABLE_OBJC_WEAK = YES;
				CLANG_WARN_BLOCK_CAPTURE_AUTORELEASING = YES;
				CLANG_WARN_BOOL_CONVERSION = YES;
				CLANG_WARN_COMMA = YES;
				CLANG_WARN_CONSTANT_CONVERSION = YES;
				CLANG_WARN_DEPRECATED_OBJC_IMPLEMENTATIONS = YES;
				CLANG_WARN_DIRECT_OBJC_ISA_USAGE = YES_ERROR;
				CLANG_WARN_DOCUMENTATION_COMMENTS = YES;
				CLANG_WARN_EMPTY_BODY = YES;
				CLANG_WARN_ENUM_CONVERSION = YES;
				CLANG_WARN_INFINITE_RECURSION = YES;
				CLANG_WARN_INT_CONVERSION = YES;
				CLANG_WARN_NON_LITERAL_NULL_CONVERSION = YES;
				CLANG_WARN_OBJC_IMPLICIT_RETAIN_SELF = YES;
				CLANG_WARN_OBJC_LITERAL_CONVERSION = YES;
				CLANG_WARN_OBJC_ROOT_CLASS = YES_ERROR;
				CLANG_WARN_QUOTED_INCLUDE_IN_FRAMEWORK_HEADER = YES;
				CLANG_WARN_RANGE_LOOP_ANALYSIS = YES;
				CLANG_WARN_STRICT_PROTOTYPES = YES;
				CLANG_WARN_SUSPICIOUS_MOVE = YES;
				CLANG_WARN_UNGUARDED_AVAILABILITY = YES_AGGRESSIVE;
				CLANG_WARN_UNREACHABLE_CODE = YES;
				CLANG_WARN__DUPLICATE_METHOD_MATCH = YES;
				COPY_PHASE_STRIP = NO;
				CURRENT_PROJECT_VERSION = 1;
				DEBUG_INFORMATION_FORMAT = dwarf;
				ENABLE_STRICT_OBJC_MSGSEND = YES;
				ENABLE_TESTABILITY = YES;
				GCC_C_LANGUAGE_STANDARD = gnu11;
				GCC_DYNAMIC_NO_PIC = NO;
				GCC_NO_COMMON_BLOCKS = YES;
				GCC_OPTIMIZATION_LEVEL = 0;
				GCC_PREPROCESSOR_DEFINITIONS = (
					"DEBUG=1",
					"$(inherited)",
				);
				GCC_WARN_64_TO_32_BIT_CONVERSION = YES;
				GCC_WARN_ABOUT_RETURN_TYPE = YES_ERROR;
				GCC_WARN_UNDECLARED_SELECTOR = YES;
				GCC_WARN_UNINITIALIZED_AUTOS = YES_AGGRESSIVE;
				GCC_WARN_UNUSED_FUNCTION = YES;
				GCC_WARN_UNUSED_VARIABLE = YES;
				IPHONEOS_DEPLOYMENT_TARGET = 13.4;
				MTL_ENABLE_DEBUG_INFO = INCLUDE_SOURCE;
				MTL_FAST_MATH = YES;
				ONLY_ACTIVE_ARCH = YES;
				SDKROOT = iphoneos;
				SWIFT_ACTIVE_COMPILATION_CONDITIONS = DEBUG;
				SWIFT_OPTIMIZATION_LEVEL = "-Onone";
				VERSIONING_SYSTEM = "apple-generic";
				VERSION_INFO_PREFIX = "";
			};
			name = Debug;
		};
		3ADB7D6F24C8BFD80032E560 /* Release */ = {
			isa = XCBuildConfiguration;
			buildSettings = {
				ALWAYS_SEARCH_USER_PATHS = NO;
				CLANG_ANALYZER_NONNULL = YES;
				CLANG_ANALYZER_NUMBER_OBJECT_CONVERSION = YES_AGGRESSIVE;
				CLANG_CXX_LANGUAGE_STANDARD = "gnu++14";
				CLANG_CXX_LIBRARY = "libc++";
				CLANG_ENABLE_MODULES = YES;
				CLANG_ENABLE_OBJC_ARC = YES;
				CLANG_ENABLE_OBJC_WEAK = YES;
				CLANG_WARN_BLOCK_CAPTURE_AUTORELEASING = YES;
				CLANG_WARN_BOOL_CONVERSION = YES;
				CLANG_WARN_COMMA = YES;
				CLANG_WARN_CONSTANT_CONVERSION = YES;
				CLANG_WARN_DEPRECATED_OBJC_IMPLEMENTATIONS = YES;
				CLANG_WARN_DIRECT_OBJC_ISA_USAGE = YES_ERROR;
				CLANG_WARN_DOCUMENTATION_COMMENTS = YES;
				CLANG_WARN_EMPTY_BODY = YES;
				CLANG_WARN_ENUM_CONVERSION = YES;
				CLANG_WARN_INFINITE_RECURSION = YES;
				CLANG_WARN_INT_CONVERSION = YES;
				CLANG_WARN_NON_LITERAL_NULL_CONVERSION = YES;
				CLANG_WARN_OBJC_IMPLICIT_RETAIN_SELF = YES;
				CLANG_WARN_OBJC_LITERAL_CONVERSION = YES;
				CLANG_WARN_OBJC_ROOT_CLASS = YES_ERROR;
				CLANG_WARN_QUOTED_INCLUDE_IN_FRAMEWORK_HEADER = YES;
				CLANG_WARN_RANGE_LOOP_ANALYSIS = YES;
				CLANG_WARN_STRICT_PROTOTYPES = YES;
				CLANG_WARN_SUSPICIOUS_MOVE = YES;
				CLANG_WARN_UNGUARDED_AVAILABILITY = YES_AGGRESSIVE;
				CLANG_WARN_UNREACHABLE_CODE = YES;
				CLANG_WARN__DUPLICATE_METHOD_MATCH = YES;
				COPY_PHASE_STRIP = NO;
				CURRENT_PROJECT_VERSION = 1;
				DEBUG_INFORMATION_FORMAT = "dwarf-with-dsym";
				ENABLE_NS_ASSERTIONS = NO;
				ENABLE_STRICT_OBJC_MSGSEND = YES;
				GCC_C_LANGUAGE_STANDARD = gnu11;
				GCC_NO_COMMON_BLOCKS = YES;
				GCC_WARN_64_TO_32_BIT_CONVERSION = YES;
				GCC_WARN_ABOUT_RETURN_TYPE = YES_ERROR;
				GCC_WARN_UNDECLARED_SELECTOR = YES;
				GCC_WARN_UNINITIALIZED_AUTOS = YES_AGGRESSIVE;
				GCC_WARN_UNUSED_FUNCTION = YES;
				GCC_WARN_UNUSED_VARIABLE = YES;
				IPHONEOS_DEPLOYMENT_TARGET = 13.4;
				MTL_ENABLE_DEBUG_INFO = NO;
				MTL_FAST_MATH = YES;
				SDKROOT = iphoneos;
				SWIFT_COMPILATION_MODE = wholemodule;
				SWIFT_OPTIMIZATION_LEVEL = "-O";
				VALIDATE_PRODUCT = YES;
				VERSIONING_SYSTEM = "apple-generic";
				VERSION_INFO_PREFIX = "";
			};
			name = Release;
		};
		3ADB7D7124C8BFD80032E560 /* Debug */ = {
			isa = XCBuildConfiguration;
			buildSettings = {
				CODE_SIGN_STYLE = Automatic;
				DEFINES_MODULE = YES;
				DEVELOPMENT_TEAM = 3HY2N64MXA;
				DYLIB_COMPATIBILITY_VERSION = 1;
				DYLIB_CURRENT_VERSION = 1;
				DYLIB_INSTALL_NAME_BASE = "@rpath";
				INFOPLIST_FILE = UserDefaultsUtil/Resources/Info.plist;
				INSTALL_PATH = "$(LOCAL_LIBRARY_DIR)/Frameworks";
				IPHONEOS_DEPLOYMENT_TARGET = 13.0;
				LD_RUNPATH_SEARCH_PATHS = (
					"$(inherited)",
					"@executable_path/Frameworks",
					"@loader_path/Frameworks",
				);
				PRODUCT_BUNDLE_IDENTIFIER = AO.UserDefaults;
				PRODUCT_NAME = "$(TARGET_NAME:c99extidentifier)";
				SKIP_INSTALL = YES;
				SWIFT_VERSION = 5.0;
				TARGETED_DEVICE_FAMILY = "1,2";
			};
			name = Debug;
		};
		3ADB7D7224C8BFD80032E560 /* Release */ = {
			isa = XCBuildConfiguration;
			buildSettings = {
				CODE_SIGN_STYLE = Automatic;
				DEFINES_MODULE = YES;
				DEVELOPMENT_TEAM = 3HY2N64MXA;
				DYLIB_COMPATIBILITY_VERSION = 1;
				DYLIB_CURRENT_VERSION = 1;
				DYLIB_INSTALL_NAME_BASE = "@rpath";
				INFOPLIST_FILE = UserDefaultsUtil/Resources/Info.plist;
				INSTALL_PATH = "$(LOCAL_LIBRARY_DIR)/Frameworks";
				IPHONEOS_DEPLOYMENT_TARGET = 13.0;
				LD_RUNPATH_SEARCH_PATHS = (
					"$(inherited)",
					"@executable_path/Frameworks",
					"@loader_path/Frameworks",
				);
				PRODUCT_BUNDLE_IDENTIFIER = AO.UserDefaults;
				PRODUCT_NAME = "$(TARGET_NAME:c99extidentifier)";
				SKIP_INSTALL = YES;
				SWIFT_VERSION = 5.0;
				TARGETED_DEVICE_FAMILY = "1,2";
			};
			name = Release;
		};
/* End XCBuildConfiguration section */

/* Begin XCConfigurationList section */
		3ADB7D6224C8BFD80032E560 /* Build configuration list for PBXProject "UserDefaultsUtil" */ = {
			isa = XCConfigurationList;
			buildConfigurations = (
				3ADB7D6E24C8BFD80032E560 /* Debug */,
				3ADB7D6F24C8BFD80032E560 /* Release */,
			);
			defaultConfigurationIsVisible = 0;
			defaultConfigurationName = Release;
		};
		3ADB7D7024C8BFD80032E560 /* Build configuration list for PBXNativeTarget "UserDefaultsUtil" */ = {
			isa = XCConfigurationList;
			buildConfigurations = (
				3ADB7D7124C8BFD80032E560 /* Debug */,
				3ADB7D7224C8BFD80032E560 /* Release */,
			);
			defaultConfigurationIsVisible = 0;
			defaultConfigurationName = Release;
		};
/* End XCConfigurationList section */
	};
	rootObject = 3ADB7D5F24C8BFD80032E560 /* Project object */;
}
