// !$*UTF8*$!
{
	archiveVersion = 1;
	classes = {
	};
	objectVersion = 52;
	objects = {

/* Begin PBXBuildFile section */
		3A0CC78A24D9BDB300F90B19 /* SelectionModel.swift in Sources */ = {isa = PBXBuildFile; fileRef = 3A0CC78924D9BDB300F90B19 /* SelectionModel.swift */; };
		3A0CC78D24DB5ED600F90B19 /* SwiftUIRefresh in Frameworks */ = {isa = PBXBuildFile; productRef = 3A0CC78C24DB5ED600F90B19 /* SwiftUIRefresh */; };
		3A0F926B26D18273005CE215 /* Schedule.EmptyLectionDisplay.swift in Sources */ = {isa = PBXBuildFile; fileRef = 3A0F926A26D18273005CE215 /* Schedule.EmptyLectionDisplay.swift */; };
		3A0F927926D3A8ED005CE215 /* Array.swift in Sources */ = {isa = PBXBuildFile; fileRef = 3A0F927826D3A8ED005CE215 /* Array.swift */; };
		3A0F92A626D4B99F005CE215 /* Debug.Tools.swift in Sources */ = {isa = PBXBuildFile; fileRef = 3A0F92A526D4B99F005CE215 /* Debug.Tools.swift */; };
		3A0F92A826D4C570005CE215 /* OrderedCollections in Frameworks */ = {isa = PBXBuildFile; productRef = 3A0F92A726D4C570005CE215 /* OrderedCollections */; };
		3A0FB83424F59350007531DA /* Schedule.Period.swift in Sources */ = {isa = PBXBuildFile; fileRef = 3A0FB83324F59350007531DA /* Schedule.Period.swift */; };
		3A0FB83624F59DC4007531DA /* Event.Class.swift in Sources */ = {isa = PBXBuildFile; fileRef = 3A0FB83524F59DC4007531DA /* Event.Class.swift */; };
		3A1102862598E928006FF25E /* SwiftUIPager in Frameworks */ = {isa = PBXBuildFile; productRef = 3A1102852598E928006FF25E /* SwiftUIPager */; };
		3A1166D824DD9DCD007E0CD6 /* Helpers.framework in Frameworks */ = {isa = PBXBuildFile; fileRef = 3A1166D724DD9DCD007E0CD6 /* Helpers.framework */; };
		3A1166D924DD9DCD007E0CD6 /* Helpers.framework in Embed Frameworks */ = {isa = PBXBuildFile; fileRef = 3A1166D724DD9DCD007E0CD6 /* Helpers.framework */; settings = {ATTRIBUTES = (CodeSignOnCopy, RemoveHeadersOnCopy, ); }; };
		3A143C8E26CC67EB004AF872 /* Collection.swift in Sources */ = {isa = PBXBuildFile; fileRef = 3A143C8D26CC67EB004AF872 /* Collection.swift */; };
		3A16FEC024F434FA00CBA263 /* TableView.ViewModel.swift in Sources */ = {isa = PBXBuildFile; fileRef = 3A16FEBF24F434FA00CBA263 /* TableView.ViewModel.swift */; };
		3A1953E824F9333B002B0203 /* Calendar.swift in Sources */ = {isa = PBXBuildFile; fileRef = 3A1953E724F9333B002B0203 /* Calendar.swift */; };
		3A202EEF250931B3002EA509 /* DayView.swift in Sources */ = {isa = PBXBuildFile; fileRef = 3A202EEE250931B3002EA509 /* DayView.swift */; };
		3A202EF125093369002EA509 /* EventView.swift in Sources */ = {isa = PBXBuildFile; fileRef = 3A202EF025093369002EA509 /* EventView.swift */; };
		3A24CC9826C576760086E778 /* DequeModule in Frameworks */ = {isa = PBXBuildFile; productRef = 3A24CC9726C576760086E778 /* DequeModule */; };
		3A4AE98824C22A3700A29477 /* SceneDelegate.swift in Sources */ = {isa = PBXBuildFile; fileRef = 3A4AE98724C22A3700A29477 /* SceneDelegate.swift */; };
		3A4AE98A24C22A3700A29477 /* MainView.swift in Sources */ = {isa = PBXBuildFile; fileRef = 3A4AE98924C22A3700A29477 /* MainView.swift */; };
		3A4AE98C24C22A3800A29477 /* Assets.xcassets in Resources */ = {isa = PBXBuildFile; fileRef = 3A4AE98B24C22A3800A29477 /* Assets.xcassets */; };
		3A4AE98F24C22A3800A29477 /* Preview Assets.xcassets in Resources */ = {isa = PBXBuildFile; fileRef = 3A4AE98E24C22A3800A29477 /* Preview Assets.xcassets */; };
		3A4AE99224C22A3800A29477 /* LaunchScreen.storyboard in Resources */ = {isa = PBXBuildFile; fileRef = 3A4AE99024C22A3800A29477 /* LaunchScreen.storyboard */; };
		3A4AE99D24C22AD000A29477 /* App.swift in Sources */ = {isa = PBXBuildFile; fileRef = 3A4AE99C24C22AD000A29477 /* App.swift */; };
		3A4AE99F24C22AE200A29477 /* App.Info.swift in Sources */ = {isa = PBXBuildFile; fileRef = 3A4AE99E24C22AE200A29477 /* App.Info.swift */; };
		3A4AE9A124C22B4300A29477 /* App.Delegate.swift in Sources */ = {isa = PBXBuildFile; fileRef = 3A4AE9A024C22B4300A29477 /* App.Delegate.swift */; };
		3A4AE9A324C22BA100A29477 /* App.Controller.swift in Sources */ = {isa = PBXBuildFile; fileRef = 3A4AE9A224C22BA100A29477 /* App.Controller.swift */; };
		3A4AE9A824C2302600A29477 /* Local.swift in Sources */ = {isa = PBXBuildFile; fileRef = 3A4AE9A724C2302600A29477 /* Local.swift */; };
		3A4AE9AD24C230DC00A29477 /* Local.Keys.swift in Sources */ = {isa = PBXBuildFile; fileRef = 3A4AE9AC24C230DC00A29477 /* Local.Keys.swift */; };
		3A4AE9AE24C2319800A29477 /* Common.strings in Resources */ = {isa = PBXBuildFile; fileRef = 3A4AE9B024C2319800A29477 /* Common.strings */; };
		3A4AE9B324C2327700A29477 /* TableView.swift in Sources */ = {isa = PBXBuildFile; fileRef = 3A4AE9B224C2327700A29477 /* TableView.swift */; };
		3A4AEA0824C34F2800A29477 /* Errors.framework in Frameworks */ = {isa = PBXBuildFile; fileRef = 3A4AEA0624C34F2800A29477 /* Errors.framework */; };
		3A4AEA0924C34F2800A29477 /* Errors.framework in Embed Frameworks */ = {isa = PBXBuildFile; fileRef = 3A4AEA0624C34F2800A29477 /* Errors.framework */; settings = {ATTRIBUTES = (CodeSignOnCopy, RemoveHeadersOnCopy, ); }; };
		3A4AEA1F24C35FEF00A29477 /* Requests.TSI.GetItems.Delegate.swift in Sources */ = {isa = PBXBuildFile; fileRef = 3A4AEA1E24C35FEF00A29477 /* Requests.TSI.GetItems.Delegate.swift */; };
		3A4AEA5624C3AA8A00A29477 /* Schedule.SettingsView.swift in Sources */ = {isa = PBXBuildFile; fileRef = 3A4AEA5524C3AA8A00A29477 /* Schedule.SettingsView.swift */; };
		3A4AEA5A24C3AC7000A29477 /* Image.swift in Sources */ = {isa = PBXBuildFile; fileRef = 3A4AEA5924C3AC7000A29477 /* Image.swift */; };
		3A59890425C48DC800373FFA /* NetworkUtil.framework in Frameworks */ = {isa = PBXBuildFile; fileRef = 3A59890325C48DC800373FFA /* NetworkUtil.framework */; };
		3A59890525C48DC800373FFA /* NetworkUtil.framework in Embed Frameworks */ = {isa = PBXBuildFile; fileRef = 3A59890325C48DC800373FFA /* NetworkUtil.framework */; settings = {ATTRIBUTES = (CodeSignOnCopy, RemoveHeadersOnCopy, ); }; };
		3A6AAE8A250171C900A3A795 /* SwiftDate in Frameworks */ = {isa = PBXBuildFile; productRef = 3A6AAE89250171C900A3A795 /* SwiftDate */; };
		3A7290A0250ABA4800FA53F6 /* GroupsTextModifier.swift in Sources */ = {isa = PBXBuildFile; fileRef = 3A72909F250ABA4800FA53F6 /* GroupsTextModifier.swift */; };
		3A7BD844250ACF7A00229CA3 /* Debug.TestData.swift in Sources */ = {isa = PBXBuildFile; fileRef = 3A7BD843250ACF7A00229CA3 /* Debug.TestData.swift */; };
		3A858B2F2524F0F500A3A606 /* EventView.LeadingColumnView.swift in Sources */ = {isa = PBXBuildFile; fileRef = 3A858B2E2524F0F500A3A606 /* EventView.LeadingColumnView.swift */; };
		3A8962B826FB53D70036BE08 /* PartialSheet in Frameworks */ = {isa = PBXBuildFile; productRef = 3A8962B726FB53D70036BE08 /* PartialSheet */; };
		3A8962BA26FB5A490036BE08 /* SelectDateView.swift in Sources */ = {isa = PBXBuildFile; fileRef = 3A8962B926FB5A490036BE08 /* SelectDateView.swift */; };
		3A8962BC26FBB0330036BE08 /* LaunchCounter.swift in Sources */ = {isa = PBXBuildFile; fileRef = 3A8962BB26FBB0330036BE08 /* LaunchCounter.swift */; };
		3A8962C126FCB8060036BE08 /* SelectDateView.ViewModel.swift in Sources */ = {isa = PBXBuildFile; fileRef = 3A8962C026FCB8060036BE08 /* SelectDateView.ViewModel.swift */; };
		3A8962C326FCEA340036BE08 /* StartView.swift in Sources */ = {isa = PBXBuildFile; fileRef = 3A8962C226FCEA340036BE08 /* StartView.swift */; };
		3A8962C526FCEAEA0036BE08 /* UIImage.swift in Sources */ = {isa = PBXBuildFile; fileRef = 3A8962C426FCEAEA0036BE08 /* UIImage.swift */; };
		3A8B7FF024DF5DE700BDE6F9 /* DispatchQueue.swift in Sources */ = {isa = PBXBuildFile; fileRef = 3A8B7FEF24DF5DE700BDE6F9 /* DispatchQueue.swift */; };
		3A9BF1D22503C3610065A66E /* DateInRegion.swift in Sources */ = {isa = PBXBuildFile; fileRef = 3A9BF1D12503C3610065A66E /* DateInRegion.swift */; };
		3A9BF1D42503D5D70065A66E /* String.swift in Sources */ = {isa = PBXBuildFile; fileRef = 3A9BF1D32503D5D70065A66E /* String.swift */; };
		3A9BF1D825042D4E0065A66E /* TimeInterval.swift in Sources */ = {isa = PBXBuildFile; fileRef = 3A9BF1D725042D4E0065A66E /* TimeInterval.swift */; };
		3AA93CF726E8B2B500F23EBE /* EqualWidthModifier.swift in Sources */ = {isa = PBXBuildFile; fileRef = 3AA93CF626E8B2B500F23EBE /* EqualWidthModifier.swift */; };
		3AA93CFE26E908F800F23EBE /* EmptyDayView.swift in Sources */ = {isa = PBXBuildFile; fileRef = 3AA93CFD26E908F800F23EBE /* EmptyDayView.swift */; };
		3AA93D0026E90A6100F23EBE /* PlainDayView.swift in Sources */ = {isa = PBXBuildFile; fileRef = 3AA93CFF26E90A6100F23EBE /* PlainDayView.swift */; };
		3AAC8AD524F7C3B900CF7CEE /* Schedule.Table.swift in Sources */ = {isa = PBXBuildFile; fileRef = 3AAC8AD424F7C3B900CF7CEE /* Schedule.Table.swift */; };
		3AAC8AD924F7C5A700CF7CEE /* Event.swift in Sources */ = {isa = PBXBuildFile; fileRef = 3AAC8AD824F7C5A700CF7CEE /* Event.swift */; };
		3AB3604224E5DD24004D5811 /* BackendLanguage.swift in Sources */ = {isa = PBXBuildFile; fileRef = 3AB3604124E5DD24004D5811 /* BackendLanguage.swift */; };
		3AB65CD626C9C3C60014C9E4 /* PeriodView.ViewModel.swift in Sources */ = {isa = PBXBuildFile; fileRef = 3AB65CD526C9C3C60014C9E4 /* PeriodView.ViewModel.swift */; };
		3AC4CA4A26EB6FC600A153CC /* MainHostingController.swift in Sources */ = {isa = PBXBuildFile; fileRef = 3AC4CA4926EB6FC600A153CC /* MainHostingController.swift */; };
		3ADB7D4224C43E840032E560 /* UIColor.swift in Sources */ = {isa = PBXBuildFile; fileRef = 3ADB7D4124C43E840032E560 /* UIColor.swift */; };
		3ADB7D4C24C770EC0032E560 /* Schedule.FilterValuesSets.swift in Sources */ = {isa = PBXBuildFile; fileRef = 3ADB7D4B24C770EC0032E560 /* Schedule.FilterValuesSets.swift */; };
		3ADB7D4E24C771590032E560 /* KeyValuePair.swift in Sources */ = {isa = PBXBuildFile; fileRef = 3ADB7D4D24C771590032E560 /* KeyValuePair.swift */; };
		3ADB7D5D24C88FB20032E560 /* LoadingState.swift in Sources */ = {isa = PBXBuildFile; fileRef = 3ADB7D5C24C88FB20032E560 /* LoadingState.swift */; };
		3ADB7DA624C8C9160032E560 /* Localization.strings in Resources */ = {isa = PBXBuildFile; fileRef = 3ADB7DA824C8C9160032E560 /* Localization.strings */; };
		3ADB7DAB24C8CBCC0032E560 /* Schedule.SettingsView.ViewModel.swift in Sources */ = {isa = PBXBuildFile; fileRef = 3ADB7DAA24C8CBCC0032E560 /* Schedule.SettingsView.ViewModel.swift */; };
		3ADB7DAE24C8CC480032E560 /* UserDefaults.swift in Sources */ = {isa = PBXBuildFile; fileRef = 3ADB7DAD24C8CC480032E560 /* UserDefaults.swift */; };
		3AE25F8926E803D400859A13 /* Multitool in Frameworks */ = {isa = PBXBuildFile; productRef = 3AE25F8826E803D400859A13 /* Multitool */; };
		3AE25F8A26E803D400859A13 /* Multitool in Embed Frameworks */ = {isa = PBXBuildFile; productRef = 3AE25F8826E803D400859A13 /* Multitool */; settings = {ATTRIBUTES = (CodeSignOnCopy, ); }; };
		3AE25F8D26E803F000859A13 /* LoggingUtil in Frameworks */ = {isa = PBXBuildFile; productRef = 3AE25F8C26E803F000859A13 /* LoggingUtil */; };
		3AE25F9326E8080B00859A13 /* UserDefaultsUtil in Frameworks */ = {isa = PBXBuildFile; productRef = 3AE25F9226E8080B00859A13 /* UserDefaultsUtil */; };
		3AE30EE325C4988B009B22FB /* NetworkUtil.framework in Frameworks */ = {isa = PBXBuildFile; fileRef = 3A59890325C48DC800373FFA /* NetworkUtil.framework */; };
		3AE30EE625C49A7C009B22FB /* LoggingIntegration.swift in Sources */ = {isa = PBXBuildFile; fileRef = 3AE30EE525C49A7C009B22FB /* LoggingIntegration.swift */; };
		3AE30EE825C49B1F009B22FB /* Logging.swift in Sources */ = {isa = PBXBuildFile; fileRef = 3AE30EE725C49B1F009B22FB /* Logging.swift */; };
		3AE77BD024E322A400898C8C /* Requests.TSI.GetLocalizedEvents.Delegate.swift in Sources */ = {isa = PBXBuildFile; fileRef = 3AE77BCF24E322A400898C8C /* Requests.TSI.GetLocalizedEvents.Delegate.swift */; };
		3AE77BD224E3256900898C8C /* FrontendLanguage.swift in Sources */ = {isa = PBXBuildFile; fileRef = 3AE77BD124E3256900898C8C /* FrontendLanguage.swift */; };
		3AE77BD724E32D0400898C8C /* App.State.swift in Sources */ = {isa = PBXBuildFile; fileRef = 3AE77BD624E32D0400898C8C /* App.State.swift */; };
		3AE77BD924E3304200898C8C /* Schedule.IntervalType.swift in Sources */ = {isa = PBXBuildFile; fileRef = 3AE77BD824E3304200898C8C /* Schedule.IntervalType.swift */; };
		3AE77BDC24E3343900898C8C /* Preferences.PreferencesView.swift in Sources */ = {isa = PBXBuildFile; fileRef = 3AE77BDB24E3343900898C8C /* Preferences.PreferencesView.swift */; };
		3AE77BDF24E44F3700898C8C /* Schedule.swift in Sources */ = {isa = PBXBuildFile; fileRef = 3AE77BDE24E44F3700898C8C /* Schedule.swift */; };
		3AE77BE124E44F8600898C8C /* Main.swift in Sources */ = {isa = PBXBuildFile; fileRef = 3AE77BE024E44F8600898C8C /* Main.swift */; };
		3AE77BE324E4523900898C8C /* Preferences.swift in Sources */ = {isa = PBXBuildFile; fileRef = 3AE77BE224E4523900898C8C /* Preferences.swift */; };
		3AE79805259609690027C4B1 /* PeriodView.swift in Sources */ = {isa = PBXBuildFile; fileRef = 3AE79804259609690027C4B1 /* PeriodView.swift */; };
		3AF003C426DD757600D515B1 /* SwiftUIPullToRefresh in Frameworks */ = {isa = PBXBuildFile; productRef = 3AF003C326DD757600D515B1 /* SwiftUIPullToRefresh */; };
		3AF003C926DD7D1F00D515B1 /* Schedule.Day.swift in Sources */ = {isa = PBXBuildFile; fileRef = 3AF003C826DD7D1F00D515B1 /* Schedule.Day.swift */; };
		3AF003CB26DF6A1800D515B1 /* Customizable.swift in Sources */ = {isa = PBXBuildFile; fileRef = 3AF003CA26DF6A1800D515B1 /* Customizable.swift */; };
		3AF3C9502524F85B00ADE351 /* EventView.PrimaryColumnView.swift in Sources */ = {isa = PBXBuildFile; fileRef = 3AF3C94F2524F85B00ADE351 /* EventView.PrimaryColumnView.swift */; };
		3AF3C9522524F97E00ADE351 /* EventView.EmptyEventView.swift in Sources */ = {isa = PBXBuildFile; fileRef = 3AF3C9512524F97E00ADE351 /* EventView.EmptyEventView.swift */; };
		3AF3C9542524FB6400ADE351 /* EventView.ItemView.swift in Sources */ = {isa = PBXBuildFile; fileRef = 3AF3C9532524FB6400ADE351 /* EventView.ItemView.swift */; };
		3AF3C9562524FB9A00ADE351 /* EventView.ItemsView.swift in Sources */ = {isa = PBXBuildFile; fileRef = 3AF3C9552524FB9A00ADE351 /* EventView.ItemsView.swift */; };
		3AF3C9582524FBB700ADE351 /* EventView.PlainEventView.swift in Sources */ = {isa = PBXBuildFile; fileRef = 3AF3C9572524FBB700ADE351 /* EventView.PlainEventView.swift */; };
		3AF3C95C2524FF2E00ADE351 /* EventView.CommentView.swift in Sources */ = {isa = PBXBuildFile; fileRef = 3AF3C95B2524FF2E00ADE351 /* EventView.CommentView.swift */; };
		3AF5F23024D89E4F000D45D8 /* Debug.swift in Sources */ = {isa = PBXBuildFile; fileRef = 3AF5F22F24D89E4F000D45D8 /* Debug.swift */; };
		3AFBE5002507B68A000C089B /* AppColorScheme.swift in Sources */ = {isa = PBXBuildFile; fileRef = 3AFBE4FF2507B68A000C089B /* AppColorScheme.swift */; };
		3AFBE5022507BD46000C089B /* App.StandardColorScheme.swift in Sources */ = {isa = PBXBuildFile; fileRef = 3AFBE5012507BD46000C089B /* App.StandardColorScheme.swift */; };
/* End PBXBuildFile section */

/* Begin PBXCopyFilesBuildPhase section */
		3A4AEA0C24C34F2900A29477 /* Embed Frameworks */ = {
			isa = PBXCopyFilesBuildPhase;
			buildActionMask = 2147483647;
			dstPath = "";
			dstSubfolderSpec = 10;
			files = (
				3A4AEA0924C34F2800A29477 /* Errors.framework in Embed Frameworks */,
				3A1166D924DD9DCD007E0CD6 /* Helpers.framework in Embed Frameworks */,
				3AE25F8A26E803D400859A13 /* Multitool in Embed Frameworks */,
				3A59890525C48DC800373FFA /* NetworkUtil.framework in Embed Frameworks */,
			);
			name = "Embed Frameworks";
			runOnlyForDeploymentPostprocessing = 0;
		};
/* End PBXCopyFilesBuildPhase section */

/* Begin PBXFileReference section */
		3A0CC78924D9BDB300F90B19 /* SelectionModel.swift */ = {isa = PBXFileReference; lastKnownFileType = sourcecode.swift; path = SelectionModel.swift; sourceTree = "<group>"; };
		3A0F926A26D18273005CE215 /* Schedule.EmptyLectionDisplay.swift */ = {isa = PBXFileReference; lastKnownFileType = sourcecode.swift; path = Schedule.EmptyLectionDisplay.swift; sourceTree = "<group>"; };
		3A0F927826D3A8ED005CE215 /* Array.swift */ = {isa = PBXFileReference; lastKnownFileType = sourcecode.swift; path = Array.swift; sourceTree = "<group>"; };
		3A0F92A526D4B99F005CE215 /* Debug.Tools.swift */ = {isa = PBXFileReference; lastKnownFileType = sourcecode.swift; path = Debug.Tools.swift; sourceTree = "<group>"; };
		3A0FB83324F59350007531DA /* Schedule.Period.swift */ = {isa = PBXFileReference; lastKnownFileType = sourcecode.swift; path = Schedule.Period.swift; sourceTree = "<group>"; };
		3A0FB83524F59DC4007531DA /* Event.Class.swift */ = {isa = PBXFileReference; lastKnownFileType = sourcecode.swift; path = Event.Class.swift; sourceTree = "<group>"; };
		3A1166D724DD9DCD007E0CD6 /* Helpers.framework */ = {isa = PBXFileReference; explicitFileType = wrapper.framework; path = Helpers.framework; sourceTree = BUILT_PRODUCTS_DIR; };
		3A143C8D26CC67EB004AF872 /* Collection.swift */ = {isa = PBXFileReference; lastKnownFileType = sourcecode.swift; path = Collection.swift; sourceTree = "<group>"; };
		3A16FEBF24F434FA00CBA263 /* TableView.ViewModel.swift */ = {isa = PBXFileReference; lastKnownFileType = sourcecode.swift; path = TableView.ViewModel.swift; sourceTree = "<group>"; };
		3A1953E724F9333B002B0203 /* Calendar.swift */ = {isa = PBXFileReference; lastKnownFileType = sourcecode.swift; path = Calendar.swift; sourceTree = "<group>"; };
		3A202EEB2509290C002EA509 /* UserDefaultsWrapper.framework */ = {isa = PBXFileReference; explicitFileType = wrapper.framework; path = UserDefaultsWrapper.framework; sourceTree = BUILT_PRODUCTS_DIR; };
		3A202EEE250931B3002EA509 /* DayView.swift */ = {isa = PBXFileReference; lastKnownFileType = sourcecode.swift; path = DayView.swift; sourceTree = "<group>"; };
		3A202EF025093369002EA509 /* EventView.swift */ = {isa = PBXFileReference; lastKnownFileType = sourcecode.swift; path = EventView.swift; sourceTree = "<group>"; };
		3A4AE98224C22A3700A29477 /* TSI App.app */ = {isa = PBXFileReference; explicitFileType = wrapper.application; includeInIndex = 0; path = "TSI App.app"; sourceTree = BUILT_PRODUCTS_DIR; };
		3A4AE98724C22A3700A29477 /* SceneDelegate.swift */ = {isa = PBXFileReference; lastKnownFileType = sourcecode.swift; path = SceneDelegate.swift; sourceTree = "<group>"; };
		3A4AE98924C22A3700A29477 /* MainView.swift */ = {isa = PBXFileReference; lastKnownFileType = sourcecode.swift; path = MainView.swift; sourceTree = "<group>"; };
		3A4AE98B24C22A3800A29477 /* Assets.xcassets */ = {isa = PBXFileReference; lastKnownFileType = folder.assetcatalog; path = Assets.xcassets; sourceTree = "<group>"; };
		3A4AE98E24C22A3800A29477 /* Preview Assets.xcassets */ = {isa = PBXFileReference; lastKnownFileType = folder.assetcatalog; path = "Preview Assets.xcassets"; sourceTree = "<group>"; };
		3A4AE99124C22A3800A29477 /* Base */ = {isa = PBXFileReference; lastKnownFileType = file.storyboard; name = Base; path = Base.lproj/LaunchScreen.storyboard; sourceTree = "<group>"; };
		3A4AE99324C22A3800A29477 /* Info.plist */ = {isa = PBXFileReference; lastKnownFileType = text.plist.xml; path = Info.plist; sourceTree = "<group>"; };
		3A4AE99C24C22AD000A29477 /* App.swift */ = {isa = PBXFileReference; lastKnownFileType = sourcecode.swift; path = App.swift; sourceTree = "<group>"; };
		3A4AE99E24C22AE200A29477 /* App.Info.swift */ = {isa = PBXFileReference; lastKnownFileType = sourcecode.swift; path = App.Info.swift; sourceTree = "<group>"; };
		3A4AE9A024C22B4300A29477 /* App.Delegate.swift */ = {isa = PBXFileReference; lastKnownFileType = sourcecode.swift; path = App.Delegate.swift; sourceTree = "<group>"; };
		3A4AE9A224C22BA100A29477 /* App.Controller.swift */ = {isa = PBXFileReference; lastKnownFileType = sourcecode.swift; path = App.Controller.swift; sourceTree = "<group>"; };
		3A4AE9A724C2302600A29477 /* Local.swift */ = {isa = PBXFileReference; lastKnownFileType = sourcecode.swift; path = Local.swift; sourceTree = "<group>"; };
		3A4AE9AC24C230DC00A29477 /* Local.Keys.swift */ = {isa = PBXFileReference; lastKnownFileType = sourcecode.swift; path = Local.Keys.swift; sourceTree = "<group>"; };
		3A4AE9AF24C2319800A29477 /* en */ = {isa = PBXFileReference; lastKnownFileType = text.plist.strings; name = en; path = en.lproj/Common.strings; sourceTree = "<group>"; };
		3A4AE9B124C231D200A29477 /* ru */ = {isa = PBXFileReference; lastKnownFileType = text.plist.strings; name = ru; path = ru.lproj/Common.strings; sourceTree = "<group>"; };
		3A4AE9B224C2327700A29477 /* TableView.swift */ = {isa = PBXFileReference; lastKnownFileType = sourcecode.swift; path = TableView.swift; sourceTree = "<group>"; };
		3A4AEA0624C34F2800A29477 /* Errors.framework */ = {isa = PBXFileReference; explicitFileType = wrapper.framework; path = Errors.framework; sourceTree = BUILT_PRODUCTS_DIR; };
		3A4AEA0724C34F2800A29477 /* Network.framework */ = {isa = PBXFileReference; explicitFileType = wrapper.framework; path = Network.framework; sourceTree = BUILT_PRODUCTS_DIR; };
		3A4AEA1E24C35FEF00A29477 /* Requests.TSI.GetItems.Delegate.swift */ = {isa = PBXFileReference; lastKnownFileType = sourcecode.swift; path = Requests.TSI.GetItems.Delegate.swift; sourceTree = "<group>"; };
		3A4AEA2E24C3A08D00A29477 /* Networks.framework */ = {isa = PBXFileReference; explicitFileType = wrapper.framework; path = Networks.framework; sourceTree = BUILT_PRODUCTS_DIR; };
		3A4AEA4D24C3A4FB00A29477 /* Log.framework */ = {isa = PBXFileReference; explicitFileType = wrapper.framework; path = Log.framework; sourceTree = BUILT_PRODUCTS_DIR; };
		3A4AEA5524C3AA8A00A29477 /* Schedule.SettingsView.swift */ = {isa = PBXFileReference; lastKnownFileType = sourcecode.swift; path = Schedule.SettingsView.swift; sourceTree = "<group>"; };
		3A4AEA5924C3AC7000A29477 /* Image.swift */ = {isa = PBXFileReference; lastKnownFileType = sourcecode.swift; path = Image.swift; sourceTree = "<group>"; };
		3A59890325C48DC800373FFA /* NetworkUtil.framework */ = {isa = PBXFileReference; explicitFileType = wrapper.framework; path = NetworkUtil.framework; sourceTree = BUILT_PRODUCTS_DIR; };
		3A65C35F256A988600C4A9C2 /* UserDefaultsUtil.framework */ = {isa = PBXFileReference; explicitFileType = wrapper.framework; path = UserDefaultsUtil.framework; sourceTree = BUILT_PRODUCTS_DIR; };
		3A72909F250ABA4800FA53F6 /* GroupsTextModifier.swift */ = {isa = PBXFileReference; lastKnownFileType = sourcecode.swift; path = GroupsTextModifier.swift; sourceTree = "<group>"; };
		3A7BD843250ACF7A00229CA3 /* Debug.TestData.swift */ = {isa = PBXFileReference; lastKnownFileType = sourcecode.swift; path = Debug.TestData.swift; sourceTree = "<group>"; };
		3A858B2E2524F0F500A3A606 /* EventView.LeadingColumnView.swift */ = {isa = PBXFileReference; lastKnownFileType = sourcecode.swift; path = EventView.LeadingColumnView.swift; sourceTree = "<group>"; };
		3A8962B926FB5A490036BE08 /* SelectDateView.swift */ = {isa = PBXFileReference; lastKnownFileType = sourcecode.swift; path = SelectDateView.swift; sourceTree = "<group>"; };
		3A8962BB26FBB0330036BE08 /* LaunchCounter.swift */ = {isa = PBXFileReference; lastKnownFileType = sourcecode.swift; path = LaunchCounter.swift; sourceTree = "<group>"; };
		3A8962C026FCB8060036BE08 /* SelectDateView.ViewModel.swift */ = {isa = PBXFileReference; lastKnownFileType = sourcecode.swift; path = SelectDateView.ViewModel.swift; sourceTree = "<group>"; };
		3A8962C226FCEA340036BE08 /* StartView.swift */ = {isa = PBXFileReference; lastKnownFileType = sourcecode.swift; path = StartView.swift; sourceTree = "<group>"; };
		3A8962C426FCEAEA0036BE08 /* UIImage.swift */ = {isa = PBXFileReference; lastKnownFileType = sourcecode.swift; path = UIImage.swift; sourceTree = "<group>"; };
		3A8B7FEF24DF5DE700BDE6F9 /* DispatchQueue.swift */ = {isa = PBXFileReference; lastKnownFileType = sourcecode.swift; path = DispatchQueue.swift; sourceTree = "<group>"; };
		3A9BF1D12503C3610065A66E /* DateInRegion.swift */ = {isa = PBXFileReference; lastKnownFileType = sourcecode.swift; path = DateInRegion.swift; sourceTree = "<group>"; };
		3A9BF1D32503D5D70065A66E /* String.swift */ = {isa = PBXFileReference; lastKnownFileType = sourcecode.swift; path = String.swift; sourceTree = "<group>"; };
		3A9BF1D725042D4E0065A66E /* TimeInterval.swift */ = {isa = PBXFileReference; lastKnownFileType = sourcecode.swift; path = TimeInterval.swift; sourceTree = "<group>"; };
		3AA93CF626E8B2B500F23EBE /* EqualWidthModifier.swift */ = {isa = PBXFileReference; lastKnownFileType = sourcecode.swift; path = EqualWidthModifier.swift; sourceTree = "<group>"; };
		3AA93CFD26E908F800F23EBE /* EmptyDayView.swift */ = {isa = PBXFileReference; lastKnownFileType = sourcecode.swift; path = EmptyDayView.swift; sourceTree = "<group>"; };
		3AA93CFF26E90A6100F23EBE /* PlainDayView.swift */ = {isa = PBXFileReference; lastKnownFileType = sourcecode.swift; path = PlainDayView.swift; sourceTree = "<group>"; };
		3AAC8AD424F7C3B900CF7CEE /* Schedule.Table.swift */ = {isa = PBXFileReference; lastKnownFileType = sourcecode.swift; path = Schedule.Table.swift; sourceTree = "<group>"; };
		3AAC8AD824F7C5A700CF7CEE /* Event.swift */ = {isa = PBXFileReference; lastKnownFileType = sourcecode.swift; path = Event.swift; sourceTree = "<group>"; };
		3AB3604124E5DD24004D5811 /* BackendLanguage.swift */ = {isa = PBXFileReference; lastKnownFileType = sourcecode.swift; path = BackendLanguage.swift; sourceTree = "<group>"; };
		3AB65CD526C9C3C60014C9E4 /* PeriodView.ViewModel.swift */ = {isa = PBXFileReference; lastKnownFileType = sourcecode.swift; path = PeriodView.ViewModel.swift; sourceTree = "<group>"; };
		3AC4CA4926EB6FC600A153CC /* MainHostingController.swift */ = {isa = PBXFileReference; fileEncoding = 4; lastKnownFileType = sourcecode.swift; path = MainHostingController.swift; sourceTree = "<group>"; };
		3ADB7D4124C43E840032E560 /* UIColor.swift */ = {isa = PBXFileReference; lastKnownFileType = sourcecode.swift; path = UIColor.swift; sourceTree = "<group>"; };
		3ADB7D4B24C770EC0032E560 /* Schedule.FilterValuesSets.swift */ = {isa = PBXFileReference; lastKnownFileType = sourcecode.swift; path = Schedule.FilterValuesSets.swift; sourceTree = "<group>"; };
		3ADB7D4D24C771590032E560 /* KeyValuePair.swift */ = {isa = PBXFileReference; lastKnownFileType = sourcecode.swift; path = KeyValuePair.swift; sourceTree = "<group>"; };
		3ADB7D5C24C88FB20032E560 /* LoadingState.swift */ = {isa = PBXFileReference; fileEncoding = 4; lastKnownFileType = sourcecode.swift; path = LoadingState.swift; sourceTree = "<group>"; };
		3ADB7DA124C8C0F00032E560 /* UserDefaults.framework */ = {isa = PBXFileReference; explicitFileType = wrapper.framework; path = UserDefaults.framework; sourceTree = BUILT_PRODUCTS_DIR; };
		3ADB7DA724C8C9160032E560 /* en */ = {isa = PBXFileReference; lastKnownFileType = text.plist.strings; name = en; path = en.lproj/Localization.strings; sourceTree = "<group>"; };
		3ADB7DA924C8C9180032E560 /* ru */ = {isa = PBXFileReference; lastKnownFileType = text.plist.strings; name = ru; path = ru.lproj/Localization.strings; sourceTree = "<group>"; };
		3ADB7DAA24C8CBCC0032E560 /* Schedule.SettingsView.ViewModel.swift */ = {isa = PBXFileReference; lastKnownFileType = sourcecode.swift; path = Schedule.SettingsView.ViewModel.swift; sourceTree = "<group>"; };
		3ADB7DAD24C8CC480032E560 /* UserDefaults.swift */ = {isa = PBXFileReference; lastKnownFileType = sourcecode.swift; path = UserDefaults.swift; sourceTree = "<group>"; };
		3AE30EE525C49A7C009B22FB /* LoggingIntegration.swift */ = {isa = PBXFileReference; lastKnownFileType = sourcecode.swift; path = LoggingIntegration.swift; sourceTree = "<group>"; };
		3AE30EE725C49B1F009B22FB /* Logging.swift */ = {isa = PBXFileReference; lastKnownFileType = sourcecode.swift; path = Logging.swift; sourceTree = "<group>"; };
		3AE77BCF24E322A400898C8C /* Requests.TSI.GetLocalizedEvents.Delegate.swift */ = {isa = PBXFileReference; lastKnownFileType = sourcecode.swift; path = Requests.TSI.GetLocalizedEvents.Delegate.swift; sourceTree = "<group>"; };
		3AE77BD124E3256900898C8C /* FrontendLanguage.swift */ = {isa = PBXFileReference; lastKnownFileType = sourcecode.swift; path = FrontendLanguage.swift; sourceTree = "<group>"; };
		3AE77BD624E32D0400898C8C /* App.State.swift */ = {isa = PBXFileReference; lastKnownFileType = sourcecode.swift; path = App.State.swift; sourceTree = "<group>"; };
		3AE77BD824E3304200898C8C /* Schedule.IntervalType.swift */ = {isa = PBXFileReference; lastKnownFileType = sourcecode.swift; path = Schedule.IntervalType.swift; sourceTree = "<group>"; };
		3AE77BDB24E3343900898C8C /* Preferences.PreferencesView.swift */ = {isa = PBXFileReference; lastKnownFileType = sourcecode.swift; path = Preferences.PreferencesView.swift; sourceTree = "<group>"; };
		3AE77BDE24E44F3700898C8C /* Schedule.swift */ = {isa = PBXFileReference; lastKnownFileType = sourcecode.swift; path = Schedule.swift; sourceTree = "<group>"; };
		3AE77BE024E44F8600898C8C /* Main.swift */ = {isa = PBXFileReference; lastKnownFileType = sourcecode.swift; path = Main.swift; sourceTree = "<group>"; };
		3AE77BE224E4523900898C8C /* Preferences.swift */ = {isa = PBXFileReference; lastKnownFileType = sourcecode.swift; path = Preferences.swift; sourceTree = "<group>"; };
		3AE79804259609690027C4B1 /* PeriodView.swift */ = {isa = PBXFileReference; lastKnownFileType = sourcecode.swift; path = PeriodView.swift; sourceTree = "<group>"; };
		3AF003C826DD7D1F00D515B1 /* Schedule.Day.swift */ = {isa = PBXFileReference; lastKnownFileType = sourcecode.swift; path = Schedule.Day.swift; sourceTree = "<group>"; };
		3AF003CA26DF6A1800D515B1 /* Customizable.swift */ = {isa = PBXFileReference; lastKnownFileType = sourcecode.swift; path = Customizable.swift; sourceTree = "<group>"; };
		3AF3C94F2524F85B00ADE351 /* EventView.PrimaryColumnView.swift */ = {isa = PBXFileReference; lastKnownFileType = sourcecode.swift; path = EventView.PrimaryColumnView.swift; sourceTree = "<group>"; };
		3AF3C9512524F97E00ADE351 /* EventView.EmptyEventView.swift */ = {isa = PBXFileReference; lastKnownFileType = sourcecode.swift; path = EventView.EmptyEventView.swift; sourceTree = "<group>"; };
		3AF3C9532524FB6400ADE351 /* EventView.ItemView.swift */ = {isa = PBXFileReference; lastKnownFileType = sourcecode.swift; path = EventView.ItemView.swift; sourceTree = "<group>"; };
		3AF3C9552524FB9A00ADE351 /* EventView.ItemsView.swift */ = {isa = PBXFileReference; lastKnownFileType = sourcecode.swift; path = EventView.ItemsView.swift; sourceTree = "<group>"; };
		3AF3C9572524FBB700ADE351 /* EventView.PlainEventView.swift */ = {isa = PBXFileReference; lastKnownFileType = sourcecode.swift; path = EventView.PlainEventView.swift; sourceTree = "<group>"; };
		3AF3C95B2524FF2E00ADE351 /* EventView.CommentView.swift */ = {isa = PBXFileReference; lastKnownFileType = sourcecode.swift; path = EventView.CommentView.swift; sourceTree = "<group>"; };
		3AF5F22F24D89E4F000D45D8 /* Debug.swift */ = {isa = PBXFileReference; lastKnownFileType = sourcecode.swift; path = Debug.swift; sourceTree = "<group>"; };
		3AFBE4FF2507B68A000C089B /* AppColorScheme.swift */ = {isa = PBXFileReference; lastKnownFileType = sourcecode.swift; path = AppColorScheme.swift; sourceTree = "<group>"; };
		3AFBE5012507BD46000C089B /* App.StandardColorScheme.swift */ = {isa = PBXFileReference; lastKnownFileType = sourcecode.swift; path = App.StandardColorScheme.swift; sourceTree = "<group>"; };
/* End PBXFileReference section */

/* Begin PBXFrameworksBuildPhase section */
		3A4AE97F24C22A3700A29477 /* Frameworks */ = {
			isa = PBXFrameworksBuildPhase;
			buildActionMask = 2147483647;
			files = (
				3A0CC78D24DB5ED600F90B19 /* SwiftUIRefresh in Frameworks */,
				3A4AEA0824C34F2800A29477 /* Errors.framework in Frameworks */,
				3A8962B826FB53D70036BE08 /* PartialSheet in Frameworks */,
				3A6AAE8A250171C900A3A795 /* SwiftDate in Frameworks */,
				3A24CC9826C576760086E778 /* DequeModule in Frameworks */,
				3AE25F8D26E803F000859A13 /* LoggingUtil in Frameworks */,
				3AF003C426DD757600D515B1 /* SwiftUIPullToRefresh in Frameworks */,
				3AE30EE325C4988B009B22FB /* NetworkUtil.framework in Frameworks */,
				3A1102862598E928006FF25E /* SwiftUIPager in Frameworks */,
				3A1166D824DD9DCD007E0CD6 /* Helpers.framework in Frameworks */,
				3A0F92A826D4C570005CE215 /* OrderedCollections in Frameworks */,
				3AE25F8926E803D400859A13 /* Multitool in Frameworks */,
				3AE25F9326E8080B00859A13 /* UserDefaultsUtil in Frameworks */,
				3A59890425C48DC800373FFA /* NetworkUtil.framework in Frameworks */,
			);
			runOnlyForDeploymentPostprocessing = 0;
		};
/* End PBXFrameworksBuildPhase section */

/* Begin PBXGroup section */
		3A0F929D26D4B203005CE215 /* Themes */ = {
			isa = PBXGroup;
			children = (
				3AFBE4FF2507B68A000C089B /* AppColorScheme.swift */,
			);
			path = Themes;
			sourceTree = "<group>";
		};
		3A0F92A026D4B2B8005CE215 /* PlainEventView */ = {
			isa = PBXGroup;
			children = (
				3AF3C95B2524FF2E00ADE351 /* EventView.CommentView.swift */,
				3AF3C9552524FB9A00ADE351 /* EventView.ItemsView.swift */,
				3AF3C9532524FB6400ADE351 /* EventView.ItemView.swift */,
				3A858B2E2524F0F500A3A606 /* EventView.LeadingColumnView.swift */,
				3AF3C9572524FBB700ADE351 /* EventView.PlainEventView.swift */,
				3AF3C94F2524F85B00ADE351 /* EventView.PrimaryColumnView.swift */,
			);
			path = PlainEventView;
			sourceTree = "<group>";
		};
		3A0F92A126D4B2E1005CE215 /* EmptyEventView */ = {
			isa = PBXGroup;
			children = (
				3AF3C9512524F97E00ADE351 /* EventView.EmptyEventView.swift */,
			);
			path = EmptyEventView;
			sourceTree = "<group>";
		};
		3A0FB83B24F59E73007531DA /* Events */ = {
			isa = PBXGroup;
			children = (
				3AAC8AD824F7C5A700CF7CEE /* Event.swift */,
				3A0FB83524F59DC4007531DA /* Event.Class.swift */,
			);
			path = Events;
			sourceTree = "<group>";
		};
		3A384A392613A36A003BE1D7 /* Modules */ = {
			isa = PBXGroup;
			children = (
				3AE77BE024E44F8600898C8C /* Main.swift */,
				3AE77BE224E4523900898C8C /* Preferences.swift */,
				3AE77BDE24E44F3700898C8C /* Schedule.swift */,
			);
			path = Modules;
			sourceTree = "<group>";
		};
		3A4AE97924C22A3700A29477 = {
			isa = PBXGroup;
			children = (
				3A4AE98424C22A3700A29477 /* TSIApp */,
				3A4AE98324C22A3700A29477 /* Products */,
				3A4AEA0524C34F2800A29477 /* Frameworks */,
			);
			sourceTree = "<group>";
		};
		3A4AE98324C22A3700A29477 /* Products */ = {
			isa = PBXGroup;
			children = (
				3A4AE98224C22A3700A29477 /* TSI App.app */,
			);
			name = Products;
			sourceTree = "<group>";
		};
		3A4AE98424C22A3700A29477 /* TSIApp */ = {
			isa = PBXGroup;
			children = (
				3A4AE98D24C22A3800A29477 /* Preview Content */,
				3A4AE99924C22A4100A29477 /* Resources */,
				3A4AE99A24C22A4E00A29477 /* Source */,
			);
			path = TSIApp;
			sourceTree = "<group>";
		};
		3A4AE98D24C22A3800A29477 /* Preview Content */ = {
			isa = PBXGroup;
			children = (
				3A4AE98E24C22A3800A29477 /* Preview Assets.xcassets */,
			);
			path = "Preview Content";
			sourceTree = "<group>";
		};
		3A4AE99924C22A4100A29477 /* Resources */ = {
			isa = PBXGroup;
			children = (
				3A4AE9A924C2304700A29477 /* Localization */,
				3A4AE98B24C22A3800A29477 /* Assets.xcassets */,
				3A4AE99324C22A3800A29477 /* Info.plist */,
				3A4AE99024C22A3800A29477 /* LaunchScreen.storyboard */,
			);
			path = Resources;
			sourceTree = "<group>";
		};
		3A4AE99A24C22A4E00A29477 /* Source */ = {
			isa = PBXGroup;
			children = (
				3A4AE98724C22A3700A29477 /* SceneDelegate.swift */,
				3A4AE99B24C22AC400A29477 /* App */,
				3AF5F22E24D89E2F000D45D8 /* Debug */,
				3A4AEA5724C3AC6000A29477 /* Helpers */,
				3ADB7D4A24C770E00032E560 /* Models */,
				3A384A392613A36A003BE1D7 /* Modules */,
				3AFBE4F62507B3F3000C089B /* Utils */,
				3AC4CA4826EB6FA700A153CC /* ViewControllers */,
				3A4AE9A424C22E2C00A29477 /* Views */,
			);
			path = Source;
			sourceTree = "<group>";
		};
		3A4AE99B24C22AC400A29477 /* App */ = {
			isa = PBXGroup;
			children = (
				3A4AE9A224C22BA100A29477 /* App.Controller.swift */,
				3A4AE9A024C22B4300A29477 /* App.Delegate.swift */,
				3A4AE99E24C22AE200A29477 /* App.Info.swift */,
				3AFBE5012507BD46000C089B /* App.StandardColorScheme.swift */,
				3AE77BD624E32D0400898C8C /* App.State.swift */,
				3A4AE99C24C22AD000A29477 /* App.swift */,
			);
			name = App;
			path = ../../NetworkUtil/NetworkUtil/Source/TSI/Protocols/App;
			sourceTree = "<group>";
		};
		3A4AE9A424C22E2C00A29477 /* Views */ = {
			isa = PBXGroup;
			children = (
				3A7BB38024DF489F00874AA8 /* Main */,
				3AE77BDA24E3340700898C8C /* Preferences */,
				3AD628AE24F4159C005BAE20 /* Schedule */,
			);
			path = Views;
			sourceTree = "<group>";
		};
		3A4AE9A624C2301A00A29477 /* Localization */ = {
			isa = PBXGroup;
			children = (
				3A4AE9AC24C230DC00A29477 /* Local.Keys.swift */,
				3A4AE9A724C2302600A29477 /* Local.swift */,
			);
			path = Localization;
			sourceTree = "<group>";
		};
		3A4AE9A924C2304700A29477 /* Localization */ = {
			isa = PBXGroup;
			children = (
				3A4AE9B024C2319800A29477 /* Common.strings */,
				3ADB7DA824C8C9160032E560 /* Localization.strings */,
			);
			path = Localization;
			sourceTree = "<group>";
		};
		3A4AEA0524C34F2800A29477 /* Frameworks */ = {
			isa = PBXGroup;
			children = (
				3A59890325C48DC800373FFA /* NetworkUtil.framework */,
				3A65C35F256A988600C4A9C2 /* UserDefaultsUtil.framework */,
				3A202EEB2509290C002EA509 /* UserDefaultsWrapper.framework */,
				3A1166D724DD9DCD007E0CD6 /* Helpers.framework */,
				3ADB7DA124C8C0F00032E560 /* UserDefaults.framework */,
				3A4AEA4D24C3A4FB00A29477 /* Log.framework */,
				3A4AEA2E24C3A08D00A29477 /* Networks.framework */,
				3A4AEA0624C34F2800A29477 /* Errors.framework */,
				3A4AEA0724C34F2800A29477 /* Network.framework */,
			);
			name = Frameworks;
			sourceTree = "<group>";
		};
		3A4AEA1C24C35FAA00A29477 /* Networks */ = {
			isa = PBXGroup;
			children = (
				3A4AEA1D24C35FDC00A29477 /* RequestsDelegates */,
			);
			path = Networks;
			sourceTree = "<group>";
		};
		3A4AEA1D24C35FDC00A29477 /* RequestsDelegates */ = {
			isa = PBXGroup;
			children = (
				3A4AEA1E24C35FEF00A29477 /* Requests.TSI.GetItems.Delegate.swift */,
				3AE77BCF24E322A400898C8C /* Requests.TSI.GetLocalizedEvents.Delegate.swift */,
			);
			path = RequestsDelegates;
			sourceTree = "<group>";
		};
		3A4AEA5724C3AC6000A29477 /* Helpers */ = {
			isa = PBXGroup;
			children = (
				3A72909E250ABA3100FA53F6 /* ViewModifiers */,
				3A4AEA5824C3AC6500A29477 /* Extensions */,
				3AF003CA26DF6A1800D515B1 /* Customizable.swift */,
			);
			path = Helpers;
			sourceTree = "<group>";
		};
		3A4AEA5824C3AC6500A29477 /* Extensions */ = {
			isa = PBXGroup;
			children = (
				3A0F927826D3A8ED005CE215 /* Array.swift */,
				3A1953E724F9333B002B0203 /* Calendar.swift */,
				3A143C8D26CC67EB004AF872 /* Collection.swift */,
				3A9BF1D12503C3610065A66E /* DateInRegion.swift */,
				3A8B7FEF24DF5DE700BDE6F9 /* DispatchQueue.swift */,
				3A4AEA5924C3AC7000A29477 /* Image.swift */,
				3A9BF1D32503D5D70065A66E /* String.swift */,
				3A9BF1D725042D4E0065A66E /* TimeInterval.swift */,
				3ADB7D4124C43E840032E560 /* UIColor.swift */,
				3A8962C426FCEAEA0036BE08 /* UIImage.swift */,
			);
			path = Extensions;
			sourceTree = "<group>";
		};
		3A72909E250ABA3100FA53F6 /* ViewModifiers */ = {
			isa = PBXGroup;
			children = (
				3A72909F250ABA4800FA53F6 /* GroupsTextModifier.swift */,
				3AA93CF626E8B2B500F23EBE /* EqualWidthModifier.swift */,
			);
			path = ViewModifiers;
			sourceTree = "<group>";
		};
		3A7BB37E24DF488300874AA8 /* Schedule.Settings */ = {
			isa = PBXGroup;
			children = (
				3A4AEA5524C3AA8A00A29477 /* Schedule.SettingsView.swift */,
				3ADB7DAA24C8CBCC0032E560 /* Schedule.SettingsView.ViewModel.swift */,
			);
			path = Schedule.Settings;
			sourceTree = "<group>";
		};
		3A7BB37F24DF489600874AA8 /* Schedule.Table */ = {
			isa = PBXGroup;
			children = (
				3AA93CFC26E908E200F23EBE /* DayView */,
				3A858B2D2524F05F00A3A606 /* EventView */,
				3AE79804259609690027C4B1 /* PeriodView.swift */,
				3AB65CD526C9C3C60014C9E4 /* PeriodView.ViewModel.swift */,
				3A4AE9B224C2327700A29477 /* TableView.swift */,
				3A16FEBF24F434FA00CBA263 /* TableView.ViewModel.swift */,
				3A8962B926FB5A490036BE08 /* SelectDateView.swift */,
				3A8962C026FCB8060036BE08 /* SelectDateView.ViewModel.swift */,
			);
			path = Schedule.Table;
			sourceTree = "<group>";
		};
		3A7BB38024DF489F00874AA8 /* Main */ = {
			isa = PBXGroup;
			children = (
				3A4AE98924C22A3700A29477 /* MainView.swift */,
				3A8962C226FCEA340036BE08 /* StartView.swift */,
			);
			path = Main;
			sourceTree = "<group>";
		};
		3A858B2D2524F05F00A3A606 /* EventView */ = {
			isa = PBXGroup;
			children = (
				3A0F92A126D4B2E1005CE215 /* EmptyEventView */,
				3A0F92A026D4B2B8005CE215 /* PlainEventView */,
				3A202EF025093369002EA509 /* EventView.swift */,
			);
			path = EventView;
			sourceTree = "<group>";
		};
		3AA93CFC26E908E200F23EBE /* DayView */ = {
			isa = PBXGroup;
			children = (
				3A202EEE250931B3002EA509 /* DayView.swift */,
				3AA93CFD26E908F800F23EBE /* EmptyDayView.swift */,
				3AA93CFF26E90A6100F23EBE /* PlainDayView.swift */,
			);
			path = DayView;
			sourceTree = "<group>";
		};
		3AC4CA4826EB6FA700A153CC /* ViewControllers */ = {
			isa = PBXGroup;
			children = (
				3AC4CA4926EB6FC600A153CC /* MainHostingController.swift */,
			);
			path = ViewControllers;
			sourceTree = "<group>";
		};
		3AD628AE24F4159C005BAE20 /* Schedule */ = {
			isa = PBXGroup;
			children = (
				3A7BB37F24DF489600874AA8 /* Schedule.Table */,
				3A7BB37E24DF488300874AA8 /* Schedule.Settings */,
			);
			path = Schedule;
			sourceTree = "<group>";
		};
		3ADB7D4A24C770E00032E560 /* Models */ = {
			isa = PBXGroup;
			children = (
				3AE77BE524E4529A00898C8C /* Schedule */,
				3AB3604124E5DD24004D5811 /* BackendLanguage.swift */,
				3AE77BD124E3256900898C8C /* FrontendLanguage.swift */,
				3ADB7D4D24C771590032E560 /* KeyValuePair.swift */,
				3ADB7D5C24C88FB20032E560 /* LoadingState.swift */,
				3A0CC78924D9BDB300F90B19 /* SelectionModel.swift */,
			);
			path = Models;
			sourceTree = "<group>";
		};
		3ADB7DAC24C8CC390032E560 /* UserDefaults */ = {
			isa = PBXGroup;
			children = (
				3ADB7DAD24C8CC480032E560 /* UserDefaults.swift */,
			);
			path = UserDefaults;
			sourceTree = "<group>";
		};
		3AE30EE425C49A02009B22FB /* Logging */ = {
			isa = PBXGroup;
			children = (
				3AE30EE525C49A7C009B22FB /* LoggingIntegration.swift */,
				3AE30EE725C49B1F009B22FB /* Logging.swift */,
			);
			path = Logging;
			sourceTree = "<group>";
		};
		3AE77BDA24E3340700898C8C /* Preferences */ = {
			isa = PBXGroup;
			children = (
				3AE77BDB24E3343900898C8C /* Preferences.PreferencesView.swift */,
			);
			path = Preferences;
			sourceTree = "<group>";
		};
		3AE77BE524E4529A00898C8C /* Schedule */ = {
			isa = PBXGroup;
			children = (
				3A0FB83B24F59E73007531DA /* Events */,
				3AF003C826DD7D1F00D515B1 /* Schedule.Day.swift */,
				3ADB7D4B24C770EC0032E560 /* Schedule.FilterValuesSets.swift */,
				3AE77BD824E3304200898C8C /* Schedule.IntervalType.swift */,
				3A0FB83324F59350007531DA /* Schedule.Period.swift */,
				3AAC8AD424F7C3B900CF7CEE /* Schedule.Table.swift */,
				3A0F926A26D18273005CE215 /* Schedule.EmptyLectionDisplay.swift */,
			);
			path = Schedule;
			sourceTree = "<group>";
		};
		3AF5F22E24D89E2F000D45D8 /* Debug */ = {
			isa = PBXGroup;
			children = (
				3AF5F22F24D89E4F000D45D8 /* Debug.swift */,
				3A7BD843250ACF7A00229CA3 /* Debug.TestData.swift */,
				3A0F92A526D4B99F005CE215 /* Debug.Tools.swift */,
			);
			path = Debug;
			sourceTree = "<group>";
		};
		3AFBE4F62507B3F3000C089B /* Utils */ = {
			isa = PBXGroup;
			children = (
				3A4AE9A624C2301A00A29477 /* Localization */,
				3AE30EE425C49A02009B22FB /* Logging */,
				3A4AEA1C24C35FAA00A29477 /* Networks */,
				3A0F929D26D4B203005CE215 /* Themes */,
				3ADB7DAC24C8CC390032E560 /* UserDefaults */,
				3A8962BB26FBB0330036BE08 /* LaunchCounter.swift */,
			);
			path = Utils;
			sourceTree = "<group>";
		};
/* End PBXGroup section */

/* Begin PBXNativeTarget section */
		3A4AE98124C22A3700A29477 /* TSIApp */ = {
			isa = PBXNativeTarget;
			buildConfigurationList = 3A4AE99624C22A3800A29477 /* Build configuration list for PBXNativeTarget "TSIApp" */;
			buildPhases = (
				3A4AE97E24C22A3700A29477 /* Sources */,
				3A4AE97F24C22A3700A29477 /* Frameworks */,
				3A4AE98024C22A3700A29477 /* Resources */,
				3A4AEA0C24C34F2900A29477 /* Embed Frameworks */,
			);
			buildRules = (
			);
			dependencies = (
			);
			name = TSIApp;
			packageProductDependencies = (
				3A0CC78C24DB5ED600F90B19 /* SwiftUIRefresh */,
				3A6AAE89250171C900A3A795 /* SwiftDate */,
				3A1102852598E928006FF25E /* SwiftUIPager */,
				3A24CC9726C576760086E778 /* DequeModule */,
				3A0F92A726D4C570005CE215 /* OrderedCollections */,
				3AF003C326DD757600D515B1 /* SwiftUIPullToRefresh */,
				3AE25F8826E803D400859A13 /* Multitool */,
				3AE25F8C26E803F000859A13 /* LoggingUtil */,
				3AE25F9226E8080B00859A13 /* UserDefaultsUtil */,
				3A8962B726FB53D70036BE08 /* PartialSheet */,
			);
			productName = TSIApp;
			productReference = 3A4AE98224C22A3700A29477 /* TSI App.app */;
			productType = "com.apple.product-type.application";
		};
/* End PBXNativeTarget section */

/* Begin PBXProject section */
		3A4AE97A24C22A3700A29477 /* Project object */ = {
			isa = PBXProject;
			attributes = {
				LastSwiftUpdateCheck = 1140;
				LastUpgradeCheck = 1200;
				TargetAttributes = {
					3A4AE98124C22A3700A29477 = {
						CreatedOnToolsVersion = 11.4;
					};
				};
			};
			buildConfigurationList = 3A4AE97D24C22A3700A29477 /* Build configuration list for PBXProject "TSIApp" */;
			compatibilityVersion = "Xcode 9.3";
			developmentRegion = en;
			hasScannedForEncodings = 0;
			knownRegions = (
				en,
				Base,
				ru,
			);
			mainGroup = 3A4AE97924C22A3700A29477;
			packageReferences = (
				3A0CC78B24DB5ED600F90B19 /* XCRemoteSwiftPackageReference "SwiftUIRefresh" */,
				3A6AAE88250171C900A3A795 /* XCRemoteSwiftPackageReference "SwiftDate" */,
				3A1102842598E928006FF25E /* XCRemoteSwiftPackageReference "SwiftUIPager" */,
				3A5988DD25C48C0D00373FFA /* XCRemoteSwiftPackageReference "Multitool" */,
				3A24CC9626C576760086E778 /* XCRemoteSwiftPackageReference "swift-collections" */,
				3AF003C226DD757600D515B1 /* XCRemoteSwiftPackageReference "SwiftUI-PullToRefresh" */,
				3AE25F8B26E803F000859A13 /* XCRemoteSwiftPackageReference "LoggingUtil" */,
				3AE25F9126E8078F00859A13 /* XCRemoteSwiftPackageReference "UserDefaultsUtil" */,
				3A8962B626FB53D70036BE08 /* XCRemoteSwiftPackageReference "PartialSheet" */,
			);
			productRefGroup = 3A4AE98324C22A3700A29477 /* Products */;
			projectDirPath = "";
			projectRoot = "";
			targets = (
				3A4AE98124C22A3700A29477 /* TSIApp */,
			);
		};
/* End PBXProject section */

/* Begin PBXResourcesBuildPhase section */
		3A4AE98024C22A3700A29477 /* Resources */ = {
			isa = PBXResourcesBuildPhase;
			buildActionMask = 2147483647;
			files = (
				3A4AE99224C22A3800A29477 /* LaunchScreen.storyboard in Resources */,
				3A4AE98F24C22A3800A29477 /* Preview Assets.xcassets in Resources */,
				3ADB7DA624C8C9160032E560 /* Localization.strings in Resources */,
				3A4AE98C24C22A3800A29477 /* Assets.xcassets in Resources */,
				3A4AE9AE24C2319800A29477 /* Common.strings in Resources */,
			);
			runOnlyForDeploymentPostprocessing = 0;
		};
/* End PBXResourcesBuildPhase section */

/* Begin PBXSourcesBuildPhase section */
		3A4AE97E24C22A3700A29477 /* Sources */ = {
			isa = PBXSourcesBuildPhase;
			buildActionMask = 2147483647;
			files = (
				3A202EF125093369002EA509 /* EventView.swift in Sources */,
				3AE30EE625C49A7C009B22FB /* LoggingIntegration.swift in Sources */,
				3A4AE9B324C2327700A29477 /* TableView.swift in Sources */,
				3A9BF1D825042D4E0065A66E /* TimeInterval.swift in Sources */,
				3AA93CF726E8B2B500F23EBE /* EqualWidthModifier.swift in Sources */,
				3AE77BDF24E44F3700898C8C /* Schedule.swift in Sources */,
				3AA93D0026E90A6100F23EBE /* PlainDayView.swift in Sources */,
				3A0CC78A24D9BDB300F90B19 /* SelectionModel.swift in Sources */,
				3AE77BD024E322A400898C8C /* Requests.TSI.GetLocalizedEvents.Delegate.swift in Sources */,
				3AE77BE124E44F8600898C8C /* Main.swift in Sources */,
				3A4AE9AD24C230DC00A29477 /* Local.Keys.swift in Sources */,
				3A8962C126FCB8060036BE08 /* SelectDateView.ViewModel.swift in Sources */,
				3A4AE99D24C22AD000A29477 /* App.swift in Sources */,
				3A858B2F2524F0F500A3A606 /* EventView.LeadingColumnView.swift in Sources */,
				3A0F92A626D4B99F005CE215 /* Debug.Tools.swift in Sources */,
				3ADB7DAB24C8CBCC0032E560 /* Schedule.SettingsView.ViewModel.swift in Sources */,
				3A9BF1D42503D5D70065A66E /* String.swift in Sources */,
				3AE77BD224E3256900898C8C /* FrontendLanguage.swift in Sources */,
				3AE77BD924E3304200898C8C /* Schedule.IntervalType.swift in Sources */,
				3A8962BC26FBB0330036BE08 /* LaunchCounter.swift in Sources */,
				3A202EEF250931B3002EA509 /* DayView.swift in Sources */,
				3AE77BDC24E3343900898C8C /* Preferences.PreferencesView.swift in Sources */,
				3AF3C9542524FB6400ADE351 /* EventView.ItemView.swift in Sources */,
				3A4AE98824C22A3700A29477 /* SceneDelegate.swift in Sources */,
				3ADB7D4E24C771590032E560 /* KeyValuePair.swift in Sources */,
				3A8962BA26FB5A490036BE08 /* SelectDateView.swift in Sources */,
				3AF3C9582524FBB700ADE351 /* EventView.PlainEventView.swift in Sources */,
				3AA93CFE26E908F800F23EBE /* EmptyDayView.swift in Sources */,
				3AAC8AD524F7C3B900CF7CEE /* Schedule.Table.swift in Sources */,
				3AE77BD724E32D0400898C8C /* App.State.swift in Sources */,
				3A8962C526FCEAEA0036BE08 /* UIImage.swift in Sources */,
				3ADB7D4224C43E840032E560 /* UIColor.swift in Sources */,
				3A4AE9A824C2302600A29477 /* Local.swift in Sources */,
				3AF3C9522524F97E00ADE351 /* EventView.EmptyEventView.swift in Sources */,
				3AE79805259609690027C4B1 /* PeriodView.swift in Sources */,
				3A4AE98A24C22A3700A29477 /* MainView.swift in Sources */,
				3AE30EE825C49B1F009B22FB /* Logging.swift in Sources */,
				3A0F926B26D18273005CE215 /* Schedule.EmptyLectionDisplay.swift in Sources */,
				3A4AEA5A24C3AC7000A29477 /* Image.swift in Sources */,
				3A8962C326FCEA340036BE08 /* StartView.swift in Sources */,
				3AB3604224E5DD24004D5811 /* BackendLanguage.swift in Sources */,
				3A16FEC024F434FA00CBA263 /* TableView.ViewModel.swift in Sources */,
				3AAC8AD924F7C5A700CF7CEE /* Event.swift in Sources */,
				3A7BD844250ACF7A00229CA3 /* Debug.TestData.swift in Sources */,
				3ADB7D5D24C88FB20032E560 /* LoadingState.swift in Sources */,
				3A0F927926D3A8ED005CE215 /* Array.swift in Sources */,
				3A4AE99F24C22AE200A29477 /* App.Info.swift in Sources */,
				3A4AE9A124C22B4300A29477 /* App.Delegate.swift in Sources */,
				3A0FB83624F59DC4007531DA /* Event.Class.swift in Sources */,
				3A7290A0250ABA4800FA53F6 /* GroupsTextModifier.swift in Sources */,
				3AF003CB26DF6A1800D515B1 /* Customizable.swift in Sources */,
				3A9BF1D22503C3610065A66E /* DateInRegion.swift in Sources */,
				3ADB7D4C24C770EC0032E560 /* Schedule.FilterValuesSets.swift in Sources */,
				3A8B7FF024DF5DE700BDE6F9 /* DispatchQueue.swift in Sources */,
				3AB65CD626C9C3C60014C9E4 /* PeriodView.ViewModel.swift in Sources */,
				3A1953E824F9333B002B0203 /* Calendar.swift in Sources */,
				3AF3C9502524F85B00ADE351 /* EventView.PrimaryColumnView.swift in Sources */,
				3AE77BE324E4523900898C8C /* Preferences.swift in Sources */,
				3AC4CA4A26EB6FC600A153CC /* MainHostingController.swift in Sources */,
				3A4AEA1F24C35FEF00A29477 /* Requests.TSI.GetItems.Delegate.swift in Sources */,
				3ADB7DAE24C8CC480032E560 /* UserDefaults.swift in Sources */,
				3A143C8E26CC67EB004AF872 /* Collection.swift in Sources */,
				3AFBE5022507BD46000C089B /* App.StandardColorScheme.swift in Sources */,
				3A0FB83424F59350007531DA /* Schedule.Period.swift in Sources */,
				3AF3C9562524FB9A00ADE351 /* EventView.ItemsView.swift in Sources */,
				3AF003C926DD7D1F00D515B1 /* Schedule.Day.swift in Sources */,
				3AF5F23024D89E4F000D45D8 /* Debug.swift in Sources */,
				3A4AE9A324C22BA100A29477 /* App.Controller.swift in Sources */,
				3A4AEA5624C3AA8A00A29477 /* Schedule.SettingsView.swift in Sources */,
				3AFBE5002507B68A000C089B /* AppColorScheme.swift in Sources */,
				3AF3C95C2524FF2E00ADE351 /* EventView.CommentView.swift in Sources */,
			);
			runOnlyForDeploymentPostprocessing = 0;
		};
/* End PBXSourcesBuildPhase section */

/* Begin PBXVariantGroup section */
		3A4AE99024C22A3800A29477 /* LaunchScreen.storyboard */ = {
			isa = PBXVariantGroup;
			children = (
				3A4AE99124C22A3800A29477 /* Base */,
			);
			name = LaunchScreen.storyboard;
			sourceTree = "<group>";
		};
		3A4AE9B024C2319800A29477 /* Common.strings */ = {
			isa = PBXVariantGroup;
			children = (
				3A4AE9AF24C2319800A29477 /* en */,
				3A4AE9B124C231D200A29477 /* ru */,
			);
			name = Common.strings;
			sourceTree = "<group>";
		};
		3ADB7DA824C8C9160032E560 /* Localization.strings */ = {
			isa = PBXVariantGroup;
			children = (
				3ADB7DA724C8C9160032E560 /* en */,
				3ADB7DA924C8C9180032E560 /* ru */,
			);
			name = Localization.strings;
			sourceTree = "<group>";
		};
/* End PBXVariantGroup section */

/* Begin XCBuildConfiguration section */
		3A4AE99424C22A3800A29477 /* Debug */ = {
			isa = XCBuildConfiguration;
			buildSettings = {
				ALWAYS_SEARCH_USER_PATHS = NO;
				CLANG_ANALYZER_LOCALIZABILITY_NONLOCALIZED = YES;
				CLANG_ANALYZER_NONNULL = YES;
				CLANG_ANALYZER_NUMBER_OBJECT_CONVERSION = YES_AGGRESSIVE;
				CLANG_CXX_LANGUAGE_STANDARD = "gnu++14";
				CLANG_CXX_LIBRARY = "libc++";
				CLANG_ENABLE_MODULES = YES;
				CLANG_ENABLE_OBJC_ARC = YES;
				CLANG_ENABLE_OBJC_WEAK = YES;
				CLANG_WARN_BLOCK_CAPTURE_AUTORELEASING = YES;
				CLANG_WARN_BOOL_CONVERSION = YES;
				CLANG_WARN_COMMA = YES;
				CLANG_WARN_CONSTANT_CONVERSION = YES;
				CLANG_WARN_DEPRECATED_OBJC_IMPLEMENTATIONS = YES;
				CLANG_WARN_DIRECT_OBJC_ISA_USAGE = YES_ERROR;
				CLANG_WARN_DOCUMENTATION_COMMENTS = YES;
				CLANG_WARN_EMPTY_BODY = YES;
				CLANG_WARN_ENUM_CONVERSION = YES;
				CLANG_WARN_INFINITE_RECURSION = YES;
				CLANG_WARN_INT_CONVERSION = YES;
				CLANG_WARN_NON_LITERAL_NULL_CONVERSION = YES;
				CLANG_WARN_OBJC_IMPLICIT_RETAIN_SELF = YES;
				CLANG_WARN_OBJC_LITERAL_CONVERSION = YES;
				CLANG_WARN_OBJC_ROOT_CLASS = YES_ERROR;
				CLANG_WARN_QUOTED_INCLUDE_IN_FRAMEWORK_HEADER = YES;
				CLANG_WARN_RANGE_LOOP_ANALYSIS = YES;
				CLANG_WARN_STRICT_PROTOTYPES = YES;
				CLANG_WARN_SUSPICIOUS_MOVE = YES;
				CLANG_WARN_UNGUARDED_AVAILABILITY = YES_AGGRESSIVE;
				CLANG_WARN_UNREACHABLE_CODE = YES;
				CLANG_WARN__DUPLICATE_METHOD_MATCH = YES;
				COPY_PHASE_STRIP = NO;
				DEBUG_INFORMATION_FORMAT = dwarf;
				ENABLE_STRICT_OBJC_MSGSEND = YES;
				ENABLE_TESTABILITY = YES;
				GCC_C_LANGUAGE_STANDARD = gnu11;
				GCC_DYNAMIC_NO_PIC = NO;
				GCC_NO_COMMON_BLOCKS = YES;
				GCC_OPTIMIZATION_LEVEL = 0;
				GCC_PREPROCESSOR_DEFINITIONS = (
					"DEBUG=1",
					"$(inherited)",
				);
				GCC_WARN_64_TO_32_BIT_CONVERSION = YES;
				GCC_WARN_ABOUT_RETURN_TYPE = YES_ERROR;
				GCC_WARN_UNDECLARED_SELECTOR = YES;
				GCC_WARN_UNINITIALIZED_AUTOS = YES_AGGRESSIVE;
				GCC_WARN_UNUSED_FUNCTION = YES;
				GCC_WARN_UNUSED_VARIABLE = YES;
				IPHONEOS_DEPLOYMENT_TARGET = 13.4;
				MTL_ENABLE_DEBUG_INFO = INCLUDE_SOURCE;
				MTL_FAST_MATH = YES;
				ONLY_ACTIVE_ARCH = YES;
				SDKROOT = iphoneos;
				SWIFT_ACTIVE_COMPILATION_CONDITIONS = DEBUG;
				SWIFT_OPTIMIZATION_LEVEL = "-Onone";
			};
			name = Debug;
		};
		3A4AE99524C22A3800A29477 /* Release */ = {
			isa = XCBuildConfiguration;
			buildSettings = {
				ALWAYS_SEARCH_USER_PATHS = NO;
				CLANG_ANALYZER_LOCALIZABILITY_NONLOCALIZED = YES;
				CLANG_ANALYZER_NONNULL = YES;
				CLANG_ANALYZER_NUMBER_OBJECT_CONVERSION = YES_AGGRESSIVE;
				CLANG_CXX_LANGUAGE_STANDARD = "gnu++14";
				CLANG_CXX_LIBRARY = "libc++";
				CLANG_ENABLE_MODULES = YES;
				CLANG_ENABLE_OBJC_ARC = YES;
				CLANG_ENABLE_OBJC_WEAK = YES;
				CLANG_WARN_BLOCK_CAPTURE_AUTORELEASING = YES;
				CLANG_WARN_BOOL_CONVERSION = YES;
				CLANG_WARN_COMMA = YES;
				CLANG_WARN_CONSTANT_CONVERSION = YES;
				CLANG_WARN_DEPRECATED_OBJC_IMPLEMENTATIONS = YES;
				CLANG_WARN_DIRECT_OBJC_ISA_USAGE = YES_ERROR;
				CLANG_WARN_DOCUMENTATION_COMMENTS = YES;
				CLANG_WARN_EMPTY_BODY = YES;
				CLANG_WARN_ENUM_CONVERSION = YES;
				CLANG_WARN_INFINITE_RECURSION = YES;
				CLANG_WARN_INT_CONVERSION = YES;
				CLANG_WARN_NON_LITERAL_NULL_CONVERSION = YES;
				CLANG_WARN_OBJC_IMPLICIT_RETAIN_SELF = YES;
				CLANG_WARN_OBJC_LITERAL_CONVERSION = YES;
				CLANG_WARN_OBJC_ROOT_CLASS = YES_ERROR;
				CLANG_WARN_QUOTED_INCLUDE_IN_FRAMEWORK_HEADER = YES;
				CLANG_WARN_RANGE_LOOP_ANALYSIS = YES;
				CLANG_WARN_STRICT_PROTOTYPES = YES;
				CLANG_WARN_SUSPICIOUS_MOVE = YES;
				CLANG_WARN_UNGUARDED_AVAILABILITY = YES_AGGRESSIVE;
				CLANG_WARN_UNREACHABLE_CODE = YES;
				CLANG_WARN__DUPLICATE_METHOD_MATCH = YES;
				COPY_PHASE_STRIP = NO;
				DEBUG_INFORMATION_FORMAT = "dwarf-with-dsym";
				ENABLE_NS_ASSERTIONS = NO;
				ENABLE_STRICT_OBJC_MSGSEND = YES;
				GCC_C_LANGUAGE_STANDARD = gnu11;
				GCC_NO_COMMON_BLOCKS = YES;
				GCC_WARN_64_TO_32_BIT_CONVERSION = YES;
				GCC_WARN_ABOUT_RETURN_TYPE = YES_ERROR;
				GCC_WARN_UNDECLARED_SELECTOR = YES;
				GCC_WARN_UNINITIALIZED_AUTOS = YES_AGGRESSIVE;
				GCC_WARN_UNUSED_FUNCTION = YES;
				GCC_WARN_UNUSED_VARIABLE = YES;
				IPHONEOS_DEPLOYMENT_TARGET = 13.4;
				MTL_ENABLE_DEBUG_INFO = NO;
				MTL_FAST_MATH = YES;
				SDKROOT = iphoneos;
				SWIFT_COMPILATION_MODE = wholemodule;
				SWIFT_OPTIMIZATION_LEVEL = "-O";
				VALIDATE_PRODUCT = YES;
			};
			name = Release;
		};
		3A4AE99724C22A3800A29477 /* Debug */ = {
			isa = XCBuildConfiguration;
			buildSettings = {
				ASSETCATALOG_COMPILER_APPICON_NAME = AppIcon;
				ASSETCATALOG_COMPILER_GLOBAL_ACCENT_COLOR_NAME = "tsiapp-accent";
				CODE_SIGN_STYLE = Automatic;
				DEVELOPMENT_ASSET_PATHS = "\"TSIApp/Preview Content\"";
				DEVELOPMENT_TEAM = 3HY2N64MXA;
				ENABLE_PREVIEWS = YES;
				INFOPLIST_FILE = TSIApp/Resources/Info.plist;
				IPHONEOS_DEPLOYMENT_TARGET = 14.0;
				LD_RUNPATH_SEARCH_PATHS = (
					"$(inherited)",
					"@executable_path/Frameworks",
				);
				PRODUCT_BUNDLE_IDENTIFIER = "ao.tsi-app";
				PRODUCT_NAME = "TSI App";
				SWIFT_VERSION = 5.0;
				TARGETED_DEVICE_FAMILY = 1;
			};
			name = Debug;
		};
		3A4AE99824C22A3800A29477 /* Release */ = {
			isa = XCBuildConfiguration;
			buildSettings = {
				ASSETCATALOG_COMPILER_APPICON_NAME = AppIcon;
				ASSETCATALOG_COMPILER_GLOBAL_ACCENT_COLOR_NAME = "tsiapp-accent";
				CODE_SIGN_STYLE = Automatic;
				DEVELOPMENT_ASSET_PATHS = "\"TSIApp/Preview Content\"";
				DEVELOPMENT_TEAM = 3HY2N64MXA;
				ENABLE_PREVIEWS = YES;
				INFOPLIST_FILE = TSIApp/Resources/Info.plist;
				IPHONEOS_DEPLOYMENT_TARGET = 14.0;
				LD_RUNPATH_SEARCH_PATHS = (
					"$(inherited)",
					"@executable_path/Frameworks",
				);
				PRODUCT_BUNDLE_IDENTIFIER = "ao.tsi-app";
				PRODUCT_NAME = "TSI App";
				SWIFT_VERSION = 5.0;
				TARGETED_DEVICE_FAMILY = 1;
			};
			name = Release;
		};
/* End XCBuildConfiguration section */

/* Begin XCConfigurationList section */
		3A4AE97D24C22A3700A29477 /* Build configuration list for PBXProject "TSIApp" */ = {
			isa = XCConfigurationList;
			buildConfigurations = (
				3A4AE99424C22A3800A29477 /* Debug */,
				3A4AE99524C22A3800A29477 /* Release */,
			);
			defaultConfigurationIsVisible = 0;
			defaultConfigurationName = Release;
		};
		3A4AE99624C22A3800A29477 /* Build configuration list for PBXNativeTarget "TSIApp" */ = {
			isa = XCConfigurationList;
			buildConfigurations = (
				3A4AE99724C22A3800A29477 /* Debug */,
				3A4AE99824C22A3800A29477 /* Release */,
			);
			defaultConfigurationIsVisible = 0;
			defaultConfigurationName = Release;
		};
/* End XCConfigurationList section */

/* Begin XCRemoteSwiftPackageReference section */
		3A0CC78B24DB5ED600F90B19 /* XCRemoteSwiftPackageReference "SwiftUIRefresh" */ = {
			isa = XCRemoteSwiftPackageReference;
			repositoryURL = "https://github.com/siteline/SwiftUIRefresh.git";
			requirement = {
				kind = exactVersion;
				version = 0.0.3;
			};
		};
		3A1102842598E928006FF25E /* XCRemoteSwiftPackageReference "SwiftUIPager" */ = {
			isa = XCRemoteSwiftPackageReference;
			repositoryURL = "https://github.com/fermoya/SwiftUIPager";
			requirement = {
				kind = exactVersion;
				version = 2.3.1;
			};
		};
		3A24CC9626C576760086E778 /* XCRemoteSwiftPackageReference "swift-collections" */ = {
			isa = XCRemoteSwiftPackageReference;
			repositoryURL = "https://github.com/apple/swift-collections";
			requirement = {
				kind = exactVersion;
				version = 0.0.5;
			};
		};
		3A5988DD25C48C0D00373FFA /* XCRemoteSwiftPackageReference "Multitool" */ = {
			isa = XCRemoteSwiftPackageReference;
			repositoryURL = "https://github.com/AsioOtus/Multitool.git";
			requirement = {
				branch = master;
				kind = branch;
			};
		};
		3A6AAE88250171C900A3A795 /* XCRemoteSwiftPackageReference "SwiftDate" */ = {
			isa = XCRemoteSwiftPackageReference;
			repositoryURL = "https://github.com/malcommac/SwiftDate.git";
			requirement = {
				kind = exactVersion;
				version = 6.1.0;
			};
		};
		3A8962B626FB53D70036BE08 /* XCRemoteSwiftPackageReference "PartialSheet" */ = {
			isa = XCRemoteSwiftPackageReference;
			repositoryURL = "https://github.com/AndreaMiotto/PartialSheet";
			requirement = {
				kind = exactVersion;
				version = 2.1.14;
			};
		};
		3AE25F8B26E803F000859A13 /* XCRemoteSwiftPackageReference "LoggingUtil" */ = {
			isa = XCRemoteSwiftPackageReference;
			repositoryURL = "https://github.com/AsioOtus/LoggingUtil.git";
			requirement = {
				branch = master;
				kind = branch;
			};
		};
		3AE25F9126E8078F00859A13 /* XCRemoteSwiftPackageReference "UserDefaultsUtil" */ = {
			isa = XCRemoteSwiftPackageReference;
			repositoryURL = "https://github.com/AsioOtus/UserDefaultsUtil.git";
			requirement = {
				branch = master;
				kind = branch;
			};
		};
		3AF003C226DD757600D515B1 /* XCRemoteSwiftPackageReference "SwiftUI-PullToRefresh" */ = {
			isa = XCRemoteSwiftPackageReference;
			repositoryURL = "https://github.com/AppPear/SwiftUI-PullToRefresh";
			requirement = {
				kind = exactVersion;
				version = 1.0.0;
			};
		};
/* End XCRemoteSwiftPackageReference section */

/* Begin XCSwiftPackageProductDependency section */
		3A0CC78C24DB5ED600F90B19 /* SwiftUIRefresh */ = {
			isa = XCSwiftPackageProductDependency;
			package = 3A0CC78B24DB5ED600F90B19 /* XCRemoteSwiftPackageReference "SwiftUIRefresh" */;
			productName = SwiftUIRefresh;
		};
		3A0F92A726D4C570005CE215 /* OrderedCollections */ = {
			isa = XCSwiftPackageProductDependency;
			package = 3A24CC9626C576760086E778 /* XCRemoteSwiftPackageReference "swift-collections" */;
			productName = OrderedCollections;
		};
		3A1102852598E928006FF25E /* SwiftUIPager */ = {
			isa = XCSwiftPackageProductDependency;
			package = 3A1102842598E928006FF25E /* XCRemoteSwiftPackageReference "SwiftUIPager" */;
			productName = SwiftUIPager;
		};
		3A24CC9726C576760086E778 /* DequeModule */ = {
			isa = XCSwiftPackageProductDependency;
			package = 3A24CC9626C576760086E778 /* XCRemoteSwiftPackageReference "swift-collections" */;
			productName = DequeModule;
		};
		3A6AAE89250171C900A3A795 /* SwiftDate */ = {
			isa = XCSwiftPackageProductDependency;
			package = 3A6AAE88250171C900A3A795 /* XCRemoteSwiftPackageReference "SwiftDate" */;
			productName = SwiftDate;
		};
		3A8962B726FB53D70036BE08 /* PartialSheet */ = {
			isa = XCSwiftPackageProductDependency;
			package = 3A8962B626FB53D70036BE08 /* XCRemoteSwiftPackageReference "PartialSheet" */;
			productName = PartialSheet;
		};
		3AE25F8826E803D400859A13 /* Multitool */ = {
			isa = XCSwiftPackageProductDependency;
			package = 3A5988DD25C48C0D00373FFA /* XCRemoteSwiftPackageReference "Multitool" */;
			productName = Multitool;
		};
		3AE25F8C26E803F000859A13 /* LoggingUtil */ = {
			isa = XCSwiftPackageProductDependency;
			package = 3AE25F8B26E803F000859A13 /* XCRemoteSwiftPackageReference "LoggingUtil" */;
			productName = LoggingUtil;
		};
		3AE25F9226E8080B00859A13 /* UserDefaultsUtil */ = {
			isa = XCSwiftPackageProductDependency;
			package = 3AE25F9126E8078F00859A13 /* XCRemoteSwiftPackageReference "UserDefaultsUtil" */;
			productName = UserDefaultsUtil;
		};
		3AF003C326DD757600D515B1 /* SwiftUIPullToRefresh */ = {
			isa = XCSwiftPackageProductDependency;
			package = 3AF003C226DD757600D515B1 /* XCRemoteSwiftPackageReference "SwiftUI-PullToRefresh" */;
			productName = SwiftUIPullToRefresh;
		};
/* End XCSwiftPackageProductDependency section */
	};
	rootObject = 3A4AE97A24C22A3700A29477 /* Project object */;
}
